// !$*UTF8*$!
{
	archiveVersion = 1;
	classes = {
	};
	objectVersion = 46;
	objects = {

/* Begin PBXBuildFile section */
		140124701DBF57BA00EA92FB /* Identifiable.swift in Sources */ = {isa = PBXBuildFile; fileRef = 140124621DBF57BA00EA92FB /* Identifiable.swift */; };
		140124711DBF57BA00EA92FB /* Identifiable.swift in Sources */ = {isa = PBXBuildFile; fileRef = 140124621DBF57BA00EA92FB /* Identifiable.swift */; };
		140124721DBF57BA00EA92FB /* Identifiable.swift in Sources */ = {isa = PBXBuildFile; fileRef = 140124621DBF57BA00EA92FB /* Identifiable.swift */; };
		140124731DBF57BA00EA92FB /* IndexPath+Sweet.swift in Sources */ = {isa = PBXBuildFile; fileRef = 140124631DBF57BA00EA92FB /* IndexPath+Sweet.swift */; };
		140124741DBF57BA00EA92FB /* IndexPath+Sweet.swift in Sources */ = {isa = PBXBuildFile; fileRef = 140124631DBF57BA00EA92FB /* IndexPath+Sweet.swift */; };
		140124751DBF57BA00EA92FB /* IndexPath+Sweet.swift in Sources */ = {isa = PBXBuildFile; fileRef = 140124631DBF57BA00EA92FB /* IndexPath+Sweet.swift */; };
		140124761DBF57BA00EA92FB /* IndexPath+Sweet.swift in Sources */ = {isa = PBXBuildFile; fileRef = 140124631DBF57BA00EA92FB /* IndexPath+Sweet.swift */; };
		140124771DBF57BA00EA92FB /* IndexPath+Sweet.swift in Sources */ = {isa = PBXBuildFile; fileRef = 140124631DBF57BA00EA92FB /* IndexPath+Sweet.swift */; };
		140124781DBF57BA00EA92FB /* OpenInSafariActivity.swift in Sources */ = {isa = PBXBuildFile; fileRef = 140124641DBF57BA00EA92FB /* OpenInSafariActivity.swift */; };
		140124791DBF57BA00EA92FB /* OpenInSafariActivity.swift in Sources */ = {isa = PBXBuildFile; fileRef = 140124641DBF57BA00EA92FB /* OpenInSafariActivity.swift */; };
		1401247A1DBF57BA00EA92FB /* OpenInSafariActivity.swift in Sources */ = {isa = PBXBuildFile; fileRef = 140124641DBF57BA00EA92FB /* OpenInSafariActivity.swift */; };
		1401247B1DBF57BA00EA92FB /* OpenInSafariActivity.swift in Sources */ = {isa = PBXBuildFile; fileRef = 140124641DBF57BA00EA92FB /* OpenInSafariActivity.swift */; };
		1401247C1DBF57BA00EA92FB /* OpenInSafariActivity.swift in Sources */ = {isa = PBXBuildFile; fileRef = 140124641DBF57BA00EA92FB /* OpenInSafariActivity.swift */; };
		1401247D1DBF57BA00EA92FB /* String+Sweet.swift in Sources */ = {isa = PBXBuildFile; fileRef = 140124651DBF57BA00EA92FB /* String+Sweet.swift */; };
		1401247E1DBF57BA00EA92FB /* String+Sweet.swift in Sources */ = {isa = PBXBuildFile; fileRef = 140124651DBF57BA00EA92FB /* String+Sweet.swift */; };
		1401247F1DBF57BA00EA92FB /* String+Sweet.swift in Sources */ = {isa = PBXBuildFile; fileRef = 140124651DBF57BA00EA92FB /* String+Sweet.swift */; };
		140124801DBF57BA00EA92FB /* String+Sweet.swift in Sources */ = {isa = PBXBuildFile; fileRef = 140124651DBF57BA00EA92FB /* String+Sweet.swift */; };
		140124811DBF57BA00EA92FB /* String+Sweet.swift in Sources */ = {isa = PBXBuildFile; fileRef = 140124651DBF57BA00EA92FB /* String+Sweet.swift */; };
		140124821DBF57BA00EA92FB /* SweetCollectionController.swift in Sources */ = {isa = PBXBuildFile; fileRef = 140124661DBF57BA00EA92FB /* SweetCollectionController.swift */; };
		140124831DBF57BA00EA92FB /* SweetCollectionController.swift in Sources */ = {isa = PBXBuildFile; fileRef = 140124661DBF57BA00EA92FB /* SweetCollectionController.swift */; };
		140124841DBF57BA00EA92FB /* SweetCollectionController.swift in Sources */ = {isa = PBXBuildFile; fileRef = 140124661DBF57BA00EA92FB /* SweetCollectionController.swift */; };
		140124851DBF57BA00EA92FB /* SweetCollectionController.swift in Sources */ = {isa = PBXBuildFile; fileRef = 140124661DBF57BA00EA92FB /* SweetCollectionController.swift */; };
		140124861DBF57BA00EA92FB /* SweetCollectionController.swift in Sources */ = {isa = PBXBuildFile; fileRef = 140124661DBF57BA00EA92FB /* SweetCollectionController.swift */; };
		140124871DBF57BA00EA92FB /* SweetTableController.swift in Sources */ = {isa = PBXBuildFile; fileRef = 140124671DBF57BA00EA92FB /* SweetTableController.swift */; };
		140124881DBF57BA00EA92FB /* SweetTableController.swift in Sources */ = {isa = PBXBuildFile; fileRef = 140124671DBF57BA00EA92FB /* SweetTableController.swift */; };
		140124891DBF57BA00EA92FB /* SweetTableController.swift in Sources */ = {isa = PBXBuildFile; fileRef = 140124671DBF57BA00EA92FB /* SweetTableController.swift */; };
		1401248A1DBF57BA00EA92FB /* SweetTableController.swift in Sources */ = {isa = PBXBuildFile; fileRef = 140124671DBF57BA00EA92FB /* SweetTableController.swift */; };
		1401248B1DBF57BA00EA92FB /* SweetTableController.swift in Sources */ = {isa = PBXBuildFile; fileRef = 140124671DBF57BA00EA92FB /* SweetTableController.swift */; };
		1401248C1DBF57BA00EA92FB /* UIAlertController+Sweet.swift in Sources */ = {isa = PBXBuildFile; fileRef = 140124681DBF57BA00EA92FB /* UIAlertController+Sweet.swift */; };
		1401248D1DBF57BA00EA92FB /* UIAlertController+Sweet.swift in Sources */ = {isa = PBXBuildFile; fileRef = 140124681DBF57BA00EA92FB /* UIAlertController+Sweet.swift */; };
		1401248E1DBF57BA00EA92FB /* UIAlertController+Sweet.swift in Sources */ = {isa = PBXBuildFile; fileRef = 140124681DBF57BA00EA92FB /* UIAlertController+Sweet.swift */; };
		1401248F1DBF57BA00EA92FB /* UIAlertController+Sweet.swift in Sources */ = {isa = PBXBuildFile; fileRef = 140124681DBF57BA00EA92FB /* UIAlertController+Sweet.swift */; };
		140124901DBF57BA00EA92FB /* UIAlertController+Sweet.swift in Sources */ = {isa = PBXBuildFile; fileRef = 140124681DBF57BA00EA92FB /* UIAlertController+Sweet.swift */; };
		140124911DBF57BA00EA92FB /* UIImage+Sweet.swift in Sources */ = {isa = PBXBuildFile; fileRef = 140124691DBF57BA00EA92FB /* UIImage+Sweet.swift */; };
		140124921DBF57BA00EA92FB /* UIImage+Sweet.swift in Sources */ = {isa = PBXBuildFile; fileRef = 140124691DBF57BA00EA92FB /* UIImage+Sweet.swift */; };
		140124931DBF57BA00EA92FB /* UIImage+Sweet.swift in Sources */ = {isa = PBXBuildFile; fileRef = 140124691DBF57BA00EA92FB /* UIImage+Sweet.swift */; };
		140124941DBF57BA00EA92FB /* UIImage+Sweet.swift in Sources */ = {isa = PBXBuildFile; fileRef = 140124691DBF57BA00EA92FB /* UIImage+Sweet.swift */; };
		140124951DBF57BA00EA92FB /* UIImage+Sweet.swift in Sources */ = {isa = PBXBuildFile; fileRef = 140124691DBF57BA00EA92FB /* UIImage+Sweet.swift */; };
		140124961DBF57BA00EA92FB /* UILabel+Sweet.swift in Sources */ = {isa = PBXBuildFile; fileRef = 1401246A1DBF57BA00EA92FB /* UILabel+Sweet.swift */; };
		140124971DBF57BA00EA92FB /* UILabel+Sweet.swift in Sources */ = {isa = PBXBuildFile; fileRef = 1401246A1DBF57BA00EA92FB /* UILabel+Sweet.swift */; };
		140124981DBF57BA00EA92FB /* UILabel+Sweet.swift in Sources */ = {isa = PBXBuildFile; fileRef = 1401246A1DBF57BA00EA92FB /* UILabel+Sweet.swift */; };
		140124991DBF57BA00EA92FB /* UILabel+Sweet.swift in Sources */ = {isa = PBXBuildFile; fileRef = 1401246A1DBF57BA00EA92FB /* UILabel+Sweet.swift */; };
		1401249A1DBF57BA00EA92FB /* UILabel+Sweet.swift in Sources */ = {isa = PBXBuildFile; fileRef = 1401246A1DBF57BA00EA92FB /* UILabel+Sweet.swift */; };
		1401249B1DBF57BA00EA92FB /* UIScrollView+Sweet.swift in Sources */ = {isa = PBXBuildFile; fileRef = 1401246B1DBF57BA00EA92FB /* UIScrollView+Sweet.swift */; };
		1401249C1DBF57BA00EA92FB /* UIScrollView+Sweet.swift in Sources */ = {isa = PBXBuildFile; fileRef = 1401246B1DBF57BA00EA92FB /* UIScrollView+Sweet.swift */; };
		1401249D1DBF57BA00EA92FB /* UIScrollView+Sweet.swift in Sources */ = {isa = PBXBuildFile; fileRef = 1401246B1DBF57BA00EA92FB /* UIScrollView+Sweet.swift */; };
		1401249E1DBF57BA00EA92FB /* UIScrollView+Sweet.swift in Sources */ = {isa = PBXBuildFile; fileRef = 1401246B1DBF57BA00EA92FB /* UIScrollView+Sweet.swift */; };
		1401249F1DBF57BA00EA92FB /* UIScrollView+Sweet.swift in Sources */ = {isa = PBXBuildFile; fileRef = 1401246B1DBF57BA00EA92FB /* UIScrollView+Sweet.swift */; };
		140124A01DBF57BA00EA92FB /* UIView+Sweet.swift in Sources */ = {isa = PBXBuildFile; fileRef = 1401246C1DBF57BA00EA92FB /* UIView+Sweet.swift */; };
		140124A11DBF57BA00EA92FB /* UIView+Sweet.swift in Sources */ = {isa = PBXBuildFile; fileRef = 1401246C1DBF57BA00EA92FB /* UIView+Sweet.swift */; };
		140124A21DBF57BA00EA92FB /* UIView+Sweet.swift in Sources */ = {isa = PBXBuildFile; fileRef = 1401246C1DBF57BA00EA92FB /* UIView+Sweet.swift */; };
		140124A31DBF57BA00EA92FB /* UIView+Sweet.swift in Sources */ = {isa = PBXBuildFile; fileRef = 1401246C1DBF57BA00EA92FB /* UIView+Sweet.swift */; };
		140124A41DBF57BA00EA92FB /* UIView+Sweet.swift in Sources */ = {isa = PBXBuildFile; fileRef = 1401246C1DBF57BA00EA92FB /* UIView+Sweet.swift */; };
		140124A51DBF57BA00EA92FB /* UIViewController+Sweet.swift in Sources */ = {isa = PBXBuildFile; fileRef = 1401246D1DBF57BA00EA92FB /* UIViewController+Sweet.swift */; };
		140124A61DBF57BA00EA92FB /* UIViewController+Sweet.swift in Sources */ = {isa = PBXBuildFile; fileRef = 1401246D1DBF57BA00EA92FB /* UIViewController+Sweet.swift */; };
		140124A71DBF57BA00EA92FB /* UIViewController+Sweet.swift in Sources */ = {isa = PBXBuildFile; fileRef = 1401246D1DBF57BA00EA92FB /* UIViewController+Sweet.swift */; };
		140124A81DBF57BA00EA92FB /* UIViewController+Sweet.swift in Sources */ = {isa = PBXBuildFile; fileRef = 1401246D1DBF57BA00EA92FB /* UIViewController+Sweet.swift */; };
		140124A91DBF57BA00EA92FB /* UIViewController+Sweet.swift in Sources */ = {isa = PBXBuildFile; fileRef = 1401246D1DBF57BA00EA92FB /* UIViewController+Sweet.swift */; };
		140124B71DBF57FC00EA92FB /* StringTests.swift in Sources */ = {isa = PBXBuildFile; fileRef = 140124B41DBF57FC00EA92FB /* StringTests.swift */; };
		140124B81DBF57FC00EA92FB /* StringTests.swift in Sources */ = {isa = PBXBuildFile; fileRef = 140124B41DBF57FC00EA92FB /* StringTests.swift */; };
		140124B91DBF57FC00EA92FB /* UILabelTests.swift in Sources */ = {isa = PBXBuildFile; fileRef = 140124B51DBF57FC00EA92FB /* UILabelTests.swift */; };
		140124BA1DBF57FC00EA92FB /* UILabelTests.swift in Sources */ = {isa = PBXBuildFile; fileRef = 140124B51DBF57FC00EA92FB /* UILabelTests.swift */; };
		140124BB1DBF57FC00EA92FB /* UIScrollViewTests.swift in Sources */ = {isa = PBXBuildFile; fileRef = 140124B61DBF57FC00EA92FB /* UIScrollViewTests.swift */; };
		140124BC1DBF57FC00EA92FB /* UIScrollViewTests.swift in Sources */ = {isa = PBXBuildFile; fileRef = 140124B61DBF57FC00EA92FB /* UIScrollViewTests.swift */; };
		140124C41DBF582900EA92FB /* AppDelegate.swift in Sources */ = {isa = PBXBuildFile; fileRef = 140124C31DBF582900EA92FB /* AppDelegate.swift */; };
		140124CB1DBF582900EA92FB /* Assets.xcassets in Resources */ = {isa = PBXBuildFile; fileRef = 140124CA1DBF582900EA92FB /* Assets.xcassets */; };
		140124CE1DBF582900EA92FB /* LaunchScreen.storyboard in Resources */ = {isa = PBXBuildFile; fileRef = 140124CC1DBF582900EA92FB /* LaunchScreen.storyboard */; };
		142565781E09641400184D47 /* UIColor+Sweet.swift in Sources */ = {isa = PBXBuildFile; fileRef = 142565771E09641400184D47 /* UIColor+Sweet.swift */; };
		142565791E09641400184D47 /* UIColor+Sweet.swift in Sources */ = {isa = PBXBuildFile; fileRef = 142565771E09641400184D47 /* UIColor+Sweet.swift */; };
		1425657A1E09641400184D47 /* UIColor+Sweet.swift in Sources */ = {isa = PBXBuildFile; fileRef = 142565771E09641400184D47 /* UIColor+Sweet.swift */; };
		1425657B1E09641400184D47 /* UIColor+Sweet.swift in Sources */ = {isa = PBXBuildFile; fileRef = 142565771E09641400184D47 /* UIColor+Sweet.swift */; };
		1425657C1E09641400184D47 /* UIColor+Sweet.swift in Sources */ = {isa = PBXBuildFile; fileRef = 142565771E09641400184D47 /* UIColor+Sweet.swift */; };
		1425657D1E09641400184D47 /* UIColor+Sweet.swift in Sources */ = {isa = PBXBuildFile; fileRef = 142565771E09641400184D47 /* UIColor+Sweet.swift */; };
		1425657F1E09643100184D47 /* UIColorTests.swift in Sources */ = {isa = PBXBuildFile; fileRef = 1425657E1E09643100184D47 /* UIColorTests.swift */; };
		142565801E09643100184D47 /* UIColorTests.swift in Sources */ = {isa = PBXBuildFile; fileRef = 1425657E1E09643100184D47 /* UIColorTests.swift */; };
		1460417E1DDC6203005BEF7C /* Jiggly.swift in Sources */ = {isa = PBXBuildFile; fileRef = 9FC8B9E81DC74D0500A68185 /* Jiggly.swift */; };
		1460417F1DDC6204005BEF7C /* Jiggly.swift in Sources */ = {isa = PBXBuildFile; fileRef = 9FC8B9E81DC74D0500A68185 /* Jiggly.swift */; };
		146F4AD61DDC6A2B007C9534 /* OpenInSafariActivity.strings in Resources */ = {isa = PBXBuildFile; fileRef = 146F4AD31DDC6A2B007C9534 /* OpenInSafariActivity.strings */; };
		146F4AD71DDC6A2B007C9534 /* OpenInSafariActivity.strings in Resources */ = {isa = PBXBuildFile; fileRef = 146F4AD31DDC6A2B007C9534 /* OpenInSafariActivity.strings */; };
		146F4AD81DDC6A2B007C9534 /* OpenInSafariActivity.strings in Resources */ = {isa = PBXBuildFile; fileRef = 146F4AD31DDC6A2B007C9534 /* OpenInSafariActivity.strings */; };
		146F4AD91DDC6A2B007C9534 /* Resources.xcassets in Resources */ = {isa = PBXBuildFile; fileRef = 146F4AD51DDC6A2B007C9534 /* Resources.xcassets */; };
		146F4ADA1DDC6A2B007C9534 /* Resources.xcassets in Resources */ = {isa = PBXBuildFile; fileRef = 146F4AD51DDC6A2B007C9534 /* Resources.xcassets */; };
		146F4ADB1DDC6A2B007C9534 /* Resources.xcassets in Resources */ = {isa = PBXBuildFile; fileRef = 146F4AD51DDC6A2B007C9534 /* Resources.xcassets */; };
		1480D4BC1DBF600900507EE0 /* Identifiable.swift in Headers */ = {isa = PBXBuildFile; fileRef = 140124621DBF57BA00EA92FB /* Identifiable.swift */; settings = {ATTRIBUTES = (Public, ); }; };
		1480D4BD1DBF600900507EE0 /* IndexPath+Sweet.swift in Headers */ = {isa = PBXBuildFile; fileRef = 140124631DBF57BA00EA92FB /* IndexPath+Sweet.swift */; settings = {ATTRIBUTES = (Public, ); }; };
		1480D4BE1DBF600900507EE0 /* OpenInSafariActivity.swift in Headers */ = {isa = PBXBuildFile; fileRef = 140124641DBF57BA00EA92FB /* OpenInSafariActivity.swift */; settings = {ATTRIBUTES = (Public, ); }; };
		1480D4BF1DBF600900507EE0 /* String+Sweet.swift in Headers */ = {isa = PBXBuildFile; fileRef = 140124651DBF57BA00EA92FB /* String+Sweet.swift */; settings = {ATTRIBUTES = (Public, ); }; };
		1480D4C01DBF600900507EE0 /* SweetCollectionController.swift in Headers */ = {isa = PBXBuildFile; fileRef = 140124661DBF57BA00EA92FB /* SweetCollectionController.swift */; settings = {ATTRIBUTES = (Public, ); }; };
		1480D4C11DBF600900507EE0 /* SweetTableController.swift in Headers */ = {isa = PBXBuildFile; fileRef = 140124671DBF57BA00EA92FB /* SweetTableController.swift */; settings = {ATTRIBUTES = (Public, ); }; };
		1480D4C21DBF600900507EE0 /* UIAlertController+Sweet.swift in Headers */ = {isa = PBXBuildFile; fileRef = 140124681DBF57BA00EA92FB /* UIAlertController+Sweet.swift */; settings = {ATTRIBUTES = (Public, ); }; };
		1480D4C31DBF600900507EE0 /* UIImage+Sweet.swift in Headers */ = {isa = PBXBuildFile; fileRef = 140124691DBF57BA00EA92FB /* UIImage+Sweet.swift */; settings = {ATTRIBUTES = (Public, ); }; };
		1480D4C41DBF600900507EE0 /* UILabel+Sweet.swift in Headers */ = {isa = PBXBuildFile; fileRef = 1401246A1DBF57BA00EA92FB /* UILabel+Sweet.swift */; settings = {ATTRIBUTES = (Public, ); }; };
		1480D4C51DBF600900507EE0 /* UIScrollView+Sweet.swift in Headers */ = {isa = PBXBuildFile; fileRef = 1401246B1DBF57BA00EA92FB /* UIScrollView+Sweet.swift */; settings = {ATTRIBUTES = (Public, ); }; };
		1480D4C61DBF600900507EE0 /* UIView+Sweet.swift in Headers */ = {isa = PBXBuildFile; fileRef = 1401246C1DBF57BA00EA92FB /* UIView+Sweet.swift */; settings = {ATTRIBUTES = (Public, ); }; };
		1480D4C71DBF600900507EE0 /* UIViewController+Sweet.swift in Headers */ = {isa = PBXBuildFile; fileRef = 1401246D1DBF57BA00EA92FB /* UIViewController+Sweet.swift */; settings = {ATTRIBUTES = (Public, ); }; };
		1480D4C81DBF600C00507EE0 /* Identifiable.swift in Headers */ = {isa = PBXBuildFile; fileRef = 140124621DBF57BA00EA92FB /* Identifiable.swift */; settings = {ATTRIBUTES = (Public, ); }; };
		1480D4C91DBF600C00507EE0 /* IndexPath+Sweet.swift in Headers */ = {isa = PBXBuildFile; fileRef = 140124631DBF57BA00EA92FB /* IndexPath+Sweet.swift */; settings = {ATTRIBUTES = (Public, ); }; };
		1480D4CA1DBF600C00507EE0 /* OpenInSafariActivity.swift in Headers */ = {isa = PBXBuildFile; fileRef = 140124641DBF57BA00EA92FB /* OpenInSafariActivity.swift */; settings = {ATTRIBUTES = (Public, ); }; };
		1480D4CB1DBF600C00507EE0 /* String+Sweet.swift in Headers */ = {isa = PBXBuildFile; fileRef = 140124651DBF57BA00EA92FB /* String+Sweet.swift */; settings = {ATTRIBUTES = (Public, ); }; };
		1480D4CC1DBF600C00507EE0 /* SweetCollectionController.swift in Headers */ = {isa = PBXBuildFile; fileRef = 140124661DBF57BA00EA92FB /* SweetCollectionController.swift */; settings = {ATTRIBUTES = (Public, ); }; };
		1480D4CD1DBF600C00507EE0 /* SweetTableController.swift in Headers */ = {isa = PBXBuildFile; fileRef = 140124671DBF57BA00EA92FB /* SweetTableController.swift */; settings = {ATTRIBUTES = (Public, ); }; };
		1480D4CE1DBF600C00507EE0 /* UIAlertController+Sweet.swift in Headers */ = {isa = PBXBuildFile; fileRef = 140124681DBF57BA00EA92FB /* UIAlertController+Sweet.swift */; settings = {ATTRIBUTES = (Public, ); }; };
		1480D4CF1DBF600C00507EE0 /* UIImage+Sweet.swift in Headers */ = {isa = PBXBuildFile; fileRef = 140124691DBF57BA00EA92FB /* UIImage+Sweet.swift */; settings = {ATTRIBUTES = (Public, ); }; };
		1480D4D01DBF600C00507EE0 /* UILabel+Sweet.swift in Headers */ = {isa = PBXBuildFile; fileRef = 1401246A1DBF57BA00EA92FB /* UILabel+Sweet.swift */; settings = {ATTRIBUTES = (Public, ); }; };
		1480D4D11DBF600C00507EE0 /* UIScrollView+Sweet.swift in Headers */ = {isa = PBXBuildFile; fileRef = 1401246B1DBF57BA00EA92FB /* UIScrollView+Sweet.swift */; settings = {ATTRIBUTES = (Public, ); }; };
		1480D4D21DBF600C00507EE0 /* UIView+Sweet.swift in Headers */ = {isa = PBXBuildFile; fileRef = 1401246C1DBF57BA00EA92FB /* UIView+Sweet.swift */; settings = {ATTRIBUTES = (Public, ); }; };
		1480D4D31DBF600C00507EE0 /* UIViewController+Sweet.swift in Headers */ = {isa = PBXBuildFile; fileRef = 1401246D1DBF57BA00EA92FB /* UIViewController+Sweet.swift */; settings = {ATTRIBUTES = (Public, ); }; };
		1480D4D41DBF600E00507EE0 /* Identifiable.swift in Headers */ = {isa = PBXBuildFile; fileRef = 140124621DBF57BA00EA92FB /* Identifiable.swift */; settings = {ATTRIBUTES = (Public, ); }; };
		1480D4D51DBF600E00507EE0 /* IndexPath+Sweet.swift in Headers */ = {isa = PBXBuildFile; fileRef = 140124631DBF57BA00EA92FB /* IndexPath+Sweet.swift */; settings = {ATTRIBUTES = (Public, ); }; };
		1480D4D61DBF600E00507EE0 /* OpenInSafariActivity.swift in Headers */ = {isa = PBXBuildFile; fileRef = 140124641DBF57BA00EA92FB /* OpenInSafariActivity.swift */; settings = {ATTRIBUTES = (Public, ); }; };
		1480D4D71DBF600E00507EE0 /* String+Sweet.swift in Headers */ = {isa = PBXBuildFile; fileRef = 140124651DBF57BA00EA92FB /* String+Sweet.swift */; settings = {ATTRIBUTES = (Public, ); }; };
		1480D4D81DBF600E00507EE0 /* SweetCollectionController.swift in Headers */ = {isa = PBXBuildFile; fileRef = 140124661DBF57BA00EA92FB /* SweetCollectionController.swift */; settings = {ATTRIBUTES = (Public, ); }; };
		1480D4D91DBF600E00507EE0 /* SweetTableController.swift in Headers */ = {isa = PBXBuildFile; fileRef = 140124671DBF57BA00EA92FB /* SweetTableController.swift */; settings = {ATTRIBUTES = (Public, ); }; };
		1480D4DA1DBF600E00507EE0 /* UIAlertController+Sweet.swift in Headers */ = {isa = PBXBuildFile; fileRef = 140124681DBF57BA00EA92FB /* UIAlertController+Sweet.swift */; settings = {ATTRIBUTES = (Public, ); }; };
		1480D4DB1DBF600E00507EE0 /* UIImage+Sweet.swift in Headers */ = {isa = PBXBuildFile; fileRef = 140124691DBF57BA00EA92FB /* UIImage+Sweet.swift */; settings = {ATTRIBUTES = (Public, ); }; };
		1480D4DC1DBF600E00507EE0 /* UILabel+Sweet.swift in Headers */ = {isa = PBXBuildFile; fileRef = 1401246A1DBF57BA00EA92FB /* UILabel+Sweet.swift */; settings = {ATTRIBUTES = (Public, ); }; };
		1480D4DD1DBF600E00507EE0 /* UIScrollView+Sweet.swift in Headers */ = {isa = PBXBuildFile; fileRef = 1401246B1DBF57BA00EA92FB /* UIScrollView+Sweet.swift */; settings = {ATTRIBUTES = (Public, ); }; };
		1480D4DE1DBF600E00507EE0 /* UIView+Sweet.swift in Headers */ = {isa = PBXBuildFile; fileRef = 1401246C1DBF57BA00EA92FB /* UIView+Sweet.swift */; settings = {ATTRIBUTES = (Public, ); }; };
		1480D4DF1DBF600E00507EE0 /* UIViewController+Sweet.swift in Headers */ = {isa = PBXBuildFile; fileRef = 1401246D1DBF57BA00EA92FB /* UIViewController+Sweet.swift */; settings = {ATTRIBUTES = (Public, ); }; };
		149D81821DBD2E8000A9EB1A /* SweetUIKit.h in Headers */ = {isa = PBXBuildFile; fileRef = 149D81811DBD2E8000A9EB1A /* SweetUIKit.h */; settings = {ATTRIBUTES = (Public, ); }; };
		149D81831DBD2E8000A9EB1A /* SweetUIKit.h in Headers */ = {isa = PBXBuildFile; fileRef = 149D81811DBD2E8000A9EB1A /* SweetUIKit.h */; settings = {ATTRIBUTES = (Public, ); }; };
		149D81841DBD2E8000A9EB1A /* SweetUIKit.h in Headers */ = {isa = PBXBuildFile; fileRef = 149D81811DBD2E8000A9EB1A /* SweetUIKit.h */; settings = {ATTRIBUTES = (Public, ); }; };
		14C47E0E1CD2AE5F004A48DF /* Info.plist in Resources */ = {isa = PBXBuildFile; fileRef = 14C47E0D1CD2AE5F004A48DF /* Info.plist */; };
		14D986681DBF58A900D7842C /* CollectionController.swift in Sources */ = {isa = PBXBuildFile; fileRef = 14D986631DBF58A900D7842C /* CollectionController.swift */; };
		14D986691DBF58A900D7842C /* CollectionViewCell.swift in Sources */ = {isa = PBXBuildFile; fileRef = 14D986641DBF58A900D7842C /* CollectionViewCell.swift */; };
		14D9866A1DBF58A900D7842C /* Localizable.strings in Resources */ = {isa = PBXBuildFile; fileRef = 14D986651DBF58A900D7842C /* Localizable.strings */; };
		14D9866B1DBF58A900D7842C /* TableController.swift in Sources */ = {isa = PBXBuildFile; fileRef = 14D986661DBF58A900D7842C /* TableController.swift */; };
		14D9866C1DBF58A900D7842C /* TableViewCell.swift in Sources */ = {isa = PBXBuildFile; fileRef = 14D986671DBF58A900D7842C /* TableViewCell.swift */; };
		440998811DC0B1C600C11852 /* UICollectionViewTests.swift in Sources */ = {isa = PBXBuildFile; fileRef = 440998801DC0B1C600C11852 /* UICollectionViewTests.swift */; };
		440998821DC0B1C600C11852 /* UICollectionViewTests.swift in Sources */ = {isa = PBXBuildFile; fileRef = 440998801DC0B1C600C11852 /* UICollectionViewTests.swift */; };
		440998831DC0B1DA00C11852 /* UICollectionView+Sweet.swift in Sources */ = {isa = PBXBuildFile; fileRef = 447976131DC0A42C00A1F577 /* UICollectionView+Sweet.swift */; };
		440998841DC0B1DB00C11852 /* UICollectionView+Sweet.swift in Sources */ = {isa = PBXBuildFile; fileRef = 447976131DC0A42C00A1F577 /* UICollectionView+Sweet.swift */; };
		440E05871DC0B07D0044F59F /* UITableViewTests.swift in Sources */ = {isa = PBXBuildFile; fileRef = 440E05861DC0B07D0044F59F /* UITableViewTests.swift */; };
		440E05881DC0B07D0044F59F /* UITableViewTests.swift in Sources */ = {isa = PBXBuildFile; fileRef = 440E05861DC0B07D0044F59F /* UITableViewTests.swift */; };
		440E05891DC0B0840044F59F /* UITableView+Sweet.swift in Sources */ = {isa = PBXBuildFile; fileRef = 4479760E1DC0A42100A1F577 /* UITableView+Sweet.swift */; };
		440E058A1DC0B0870044F59F /* Identifiable.swift in Sources */ = {isa = PBXBuildFile; fileRef = 140124621DBF57BA00EA92FB /* Identifiable.swift */; };
		4479760F1DC0A42100A1F577 /* UITableView+Sweet.swift in Sources */ = {isa = PBXBuildFile; fileRef = 4479760E1DC0A42100A1F577 /* UITableView+Sweet.swift */; };
		447976101DC0A42100A1F577 /* UITableView+Sweet.swift in Sources */ = {isa = PBXBuildFile; fileRef = 4479760E1DC0A42100A1F577 /* UITableView+Sweet.swift */; };
		447976111DC0A42100A1F577 /* UITableView+Sweet.swift in Sources */ = {isa = PBXBuildFile; fileRef = 4479760E1DC0A42100A1F577 /* UITableView+Sweet.swift */; };
		447976141DC0A42C00A1F577 /* UICollectionView+Sweet.swift in Sources */ = {isa = PBXBuildFile; fileRef = 447976131DC0A42C00A1F577 /* UICollectionView+Sweet.swift */; };
		447976151DC0A42C00A1F577 /* UICollectionView+Sweet.swift in Sources */ = {isa = PBXBuildFile; fileRef = 447976131DC0A42C00A1F577 /* UICollectionView+Sweet.swift */; };
		447976161DC0A42C00A1F577 /* UICollectionView+Sweet.swift in Sources */ = {isa = PBXBuildFile; fileRef = 447976131DC0A42C00A1F577 /* UICollectionView+Sweet.swift */; };
		449822341E091D350008BE7C /* UILocalNotification+Sweet.swift in Sources */ = {isa = PBXBuildFile; fileRef = 449822331E091D350008BE7C /* UILocalNotification+Sweet.swift */; };
		449822351E091D350008BE7C /* UILocalNotification+Sweet.swift in Sources */ = {isa = PBXBuildFile; fileRef = 449822331E091D350008BE7C /* UILocalNotification+Sweet.swift */; };
		449822361E091D350008BE7C /* UILocalNotification+Sweet.swift in Sources */ = {isa = PBXBuildFile; fileRef = 449822331E091D350008BE7C /* UILocalNotification+Sweet.swift */; };
		449822371E091D350008BE7C /* UILocalNotification+Sweet.swift in Sources */ = {isa = PBXBuildFile; fileRef = 449822331E091D350008BE7C /* UILocalNotification+Sweet.swift */; };
		449822381E091D350008BE7C /* UILocalNotification+Sweet.swift in Sources */ = {isa = PBXBuildFile; fileRef = 449822331E091D350008BE7C /* UILocalNotification+Sweet.swift */; };
		449822391E091D350008BE7C /* UILocalNotification+Sweet.swift in Sources */ = {isa = PBXBuildFile; fileRef = 449822331E091D350008BE7C /* UILocalNotification+Sweet.swift */; };
		44CD98C01DC0E38300632C84 /* IndexPathTests.swift in Sources */ = {isa = PBXBuildFile; fileRef = 9F4C5B6C1DC0DE1A00F2A77B /* IndexPathTests.swift */; };
		44CD98C11DC0E39400632C84 /* UITableView+Sweet.swift in Sources */ = {isa = PBXBuildFile; fileRef = 4479760E1DC0A42100A1F577 /* UITableView+Sweet.swift */; };
		44CD98C21DC0E3A100632C84 /* Identifiable.swift in Sources */ = {isa = PBXBuildFile; fileRef = 140124621DBF57BA00EA92FB /* Identifiable.swift */; };
		9F4C5B6D1DC0DE1A00F2A77B /* IndexPathTests.swift in Sources */ = {isa = PBXBuildFile; fileRef = 9F4C5B6C1DC0DE1A00F2A77B /* IndexPathTests.swift */; };
		9FBA0C7D1DBFBC6D0007D239 /* SweetUIKit.framework in Frameworks */ = {isa = PBXBuildFile; fileRef = 149D81521DBD2ADD00A9EB1A /* SweetUIKit.framework */; };
		9FBA0C801DBFBC880007D239 /* SweetUIKit.framework in Embed Frameworks */ = {isa = PBXBuildFile; fileRef = 149D81521DBD2ADD00A9EB1A /* SweetUIKit.framework */; settings = {ATTRIBUTES = (CodeSignOnCopy, RemoveHeadersOnCopy, ); }; };
		9FC8B9E91DC74D0500A68185 /* Jiggly.swift in Sources */ = {isa = PBXBuildFile; fileRef = 9FC8B9E81DC74D0500A68185 /* Jiggly.swift */; };
		9FC8B9EA1DC74D0A00A68185 /* Jiggly.swift in Sources */ = {isa = PBXBuildFile; fileRef = 9FC8B9E81DC74D0500A68185 /* Jiggly.swift */; };
		9FC8B9EB1DC74D0D00A68185 /* Jiggly.swift in Sources */ = {isa = PBXBuildFile; fileRef = 9FC8B9E81DC74D0500A68185 /* Jiggly.swift */; };
/* End PBXBuildFile section */

/* Begin PBXCopyFilesBuildPhase section */
		141001141CD298F200C01F60 /* CopyFiles */ = {
			isa = PBXCopyFilesBuildPhase;
			buildActionMask = 2147483647;
			dstPath = "";
			dstSubfolderSpec = 10;
			files = (
			);
			runOnlyForDeploymentPostprocessing = 0;
		};
		9FBA0C7F1DBFBC730007D239 /* Embed Frameworks */ = {
			isa = PBXCopyFilesBuildPhase;
			buildActionMask = 2147483647;
			dstPath = "";
			dstSubfolderSpec = 10;
			files = (
				9FBA0C801DBFBC880007D239 /* SweetUIKit.framework in Embed Frameworks */,
			);
			name = "Embed Frameworks";
			runOnlyForDeploymentPostprocessing = 0;
		};
/* End PBXCopyFilesBuildPhase section */

/* Begin PBXFileReference section */
		140124621DBF57BA00EA92FB /* Identifiable.swift */ = {isa = PBXFileReference; fileEncoding = 4; lastKnownFileType = sourcecode.swift; path = Identifiable.swift; sourceTree = "<group>"; };
		140124631DBF57BA00EA92FB /* IndexPath+Sweet.swift */ = {isa = PBXFileReference; fileEncoding = 4; lastKnownFileType = sourcecode.swift; path = "IndexPath+Sweet.swift"; sourceTree = "<group>"; };
		140124641DBF57BA00EA92FB /* OpenInSafariActivity.swift */ = {isa = PBXFileReference; fileEncoding = 4; lastKnownFileType = sourcecode.swift; path = OpenInSafariActivity.swift; sourceTree = "<group>"; };
		140124651DBF57BA00EA92FB /* String+Sweet.swift */ = {isa = PBXFileReference; fileEncoding = 4; lastKnownFileType = sourcecode.swift; path = "String+Sweet.swift"; sourceTree = "<group>"; };
		140124661DBF57BA00EA92FB /* SweetCollectionController.swift */ = {isa = PBXFileReference; fileEncoding = 4; lastKnownFileType = sourcecode.swift; path = SweetCollectionController.swift; sourceTree = "<group>"; };
		140124671DBF57BA00EA92FB /* SweetTableController.swift */ = {isa = PBXFileReference; fileEncoding = 4; lastKnownFileType = sourcecode.swift; path = SweetTableController.swift; sourceTree = "<group>"; };
		140124681DBF57BA00EA92FB /* UIAlertController+Sweet.swift */ = {isa = PBXFileReference; fileEncoding = 4; lastKnownFileType = sourcecode.swift; path = "UIAlertController+Sweet.swift"; sourceTree = "<group>"; };
		140124691DBF57BA00EA92FB /* UIImage+Sweet.swift */ = {isa = PBXFileReference; fileEncoding = 4; lastKnownFileType = sourcecode.swift; path = "UIImage+Sweet.swift"; sourceTree = "<group>"; };
		1401246A1DBF57BA00EA92FB /* UILabel+Sweet.swift */ = {isa = PBXFileReference; fileEncoding = 4; lastKnownFileType = sourcecode.swift; path = "UILabel+Sweet.swift"; sourceTree = "<group>"; };
		1401246B1DBF57BA00EA92FB /* UIScrollView+Sweet.swift */ = {isa = PBXFileReference; fileEncoding = 4; lastKnownFileType = sourcecode.swift; path = "UIScrollView+Sweet.swift"; sourceTree = "<group>"; };
		1401246C1DBF57BA00EA92FB /* UIView+Sweet.swift */ = {isa = PBXFileReference; fileEncoding = 4; lastKnownFileType = sourcecode.swift; path = "UIView+Sweet.swift"; sourceTree = "<group>"; };
		1401246D1DBF57BA00EA92FB /* UIViewController+Sweet.swift */ = {isa = PBXFileReference; fileEncoding = 4; lastKnownFileType = sourcecode.swift; path = "UIViewController+Sweet.swift"; sourceTree = "<group>"; };
		140124B41DBF57FC00EA92FB /* StringTests.swift */ = {isa = PBXFileReference; fileEncoding = 4; lastKnownFileType = sourcecode.swift; path = StringTests.swift; sourceTree = "<group>"; };
		140124B51DBF57FC00EA92FB /* UILabelTests.swift */ = {isa = PBXFileReference; fileEncoding = 4; lastKnownFileType = sourcecode.swift; path = UILabelTests.swift; sourceTree = "<group>"; };
		140124B61DBF57FC00EA92FB /* UIScrollViewTests.swift */ = {isa = PBXFileReference; fileEncoding = 4; lastKnownFileType = sourcecode.swift; path = UIScrollViewTests.swift; sourceTree = "<group>"; };
		140124C11DBF582900EA92FB /* iOSDemo.app */ = {isa = PBXFileReference; explicitFileType = wrapper.application; includeInIndex = 0; path = iOSDemo.app; sourceTree = BUILT_PRODUCTS_DIR; };
		140124C31DBF582900EA92FB /* AppDelegate.swift */ = {isa = PBXFileReference; lastKnownFileType = sourcecode.swift; path = AppDelegate.swift; sourceTree = "<group>"; };
		140124CA1DBF582900EA92FB /* Assets.xcassets */ = {isa = PBXFileReference; lastKnownFileType = folder.assetcatalog; path = Assets.xcassets; sourceTree = "<group>"; };
		140124CD1DBF582900EA92FB /* Base */ = {isa = PBXFileReference; lastKnownFileType = file.storyboard; name = Base; path = Base.lproj/LaunchScreen.storyboard; sourceTree = "<group>"; };
		140124CF1DBF582900EA92FB /* Info.plist */ = {isa = PBXFileReference; lastKnownFileType = text.plist.xml; path = Info.plist; sourceTree = "<group>"; };
		142565771E09641400184D47 /* UIColor+Sweet.swift */ = {isa = PBXFileReference; fileEncoding = 4; lastKnownFileType = sourcecode.swift; path = "UIColor+Sweet.swift"; sourceTree = "<group>"; };
		1425657E1E09643100184D47 /* UIColorTests.swift */ = {isa = PBXFileReference; fileEncoding = 4; lastKnownFileType = sourcecode.swift; path = UIColorTests.swift; sourceTree = "<group>"; };
		146D72AC1AB782920058798C /* iOSTests.xctest */ = {isa = PBXFileReference; explicitFileType = wrapper.cfbundle; includeInIndex = 0; path = iOSTests.xctest; sourceTree = BUILT_PRODUCTS_DIR; };
		146D72B11AB782920058798C /* Info.plist */ = {isa = PBXFileReference; lastKnownFileType = text.plist.xml; path = Info.plist; sourceTree = "<group>"; };
		146F4AD41DDC6A2B007C9534 /* en */ = {isa = PBXFileReference; lastKnownFileType = text.plist.strings; name = en; path = en.lproj/OpenInSafariActivity.strings; sourceTree = "<group>"; };
		146F4AD51DDC6A2B007C9534 /* Resources.xcassets */ = {isa = PBXFileReference; lastKnownFileType = folder.assetcatalog; path = Resources.xcassets; sourceTree = "<group>"; };
		149D81391DBD2A5E00A9EB1A /* tvOSTests.xctest */ = {isa = PBXFileReference; explicitFileType = wrapper.cfbundle; includeInIndex = 0; path = tvOSTests.xctest; sourceTree = BUILT_PRODUCTS_DIR; };
		149D81521DBD2ADD00A9EB1A /* SweetUIKit.framework */ = {isa = PBXFileReference; explicitFileType = wrapper.framework; includeInIndex = 0; path = SweetUIKit.framework; sourceTree = BUILT_PRODUCTS_DIR; };
		149D815F1DBD2AE500A9EB1A /* SweetUIKit.framework */ = {isa = PBXFileReference; explicitFileType = wrapper.framework; includeInIndex = 0; path = SweetUIKit.framework; sourceTree = BUILT_PRODUCTS_DIR; };
		149D816C1DBD2AFB00A9EB1A /* SweetUIKit.framework */ = {isa = PBXFileReference; explicitFileType = wrapper.framework; includeInIndex = 0; path = SweetUIKit.framework; sourceTree = BUILT_PRODUCTS_DIR; };
		149D81811DBD2E8000A9EB1A /* SweetUIKit.h */ = {isa = PBXFileReference; fileEncoding = 4; lastKnownFileType = sourcecode.c.h; path = SweetUIKit.h; sourceTree = "<group>"; };
		14C0AF801BD6D4230009ECBE /* .travis.yml */ = {isa = PBXFileReference; lastKnownFileType = text; path = .travis.yml; sourceTree = "<group>"; };
		14C0AF811BD6D4230009ECBE /* CHANGELOG.md */ = {isa = PBXFileReference; lastKnownFileType = net.daringfireball.markdown; path = CHANGELOG.md; sourceTree = "<group>"; };
		14C0AF821BD6D4230009ECBE /* CONTRIBUTING.md */ = {isa = PBXFileReference; lastKnownFileType = net.daringfireball.markdown; path = CONTRIBUTING.md; sourceTree = "<group>"; };
		14C0AF831BD6D4230009ECBE /* README.md */ = {isa = PBXFileReference; lastKnownFileType = net.daringfireball.markdown; path = README.md; sourceTree = "<group>"; };
		14C47E0D1CD2AE5F004A48DF /* Info.plist */ = {isa = PBXFileReference; fileEncoding = 4; lastKnownFileType = text.plist.xml; path = Info.plist; sourceTree = "<group>"; };
		14D986631DBF58A900D7842C /* CollectionController.swift */ = {isa = PBXFileReference; fileEncoding = 4; lastKnownFileType = sourcecode.swift; path = CollectionController.swift; sourceTree = "<group>"; };
		14D986641DBF58A900D7842C /* CollectionViewCell.swift */ = {isa = PBXFileReference; fileEncoding = 4; lastKnownFileType = sourcecode.swift; path = CollectionViewCell.swift; sourceTree = "<group>"; };
		14D986651DBF58A900D7842C /* Localizable.strings */ = {isa = PBXFileReference; fileEncoding = 4; lastKnownFileType = text.plist.strings; path = Localizable.strings; sourceTree = "<group>"; };
		14D986661DBF58A900D7842C /* TableController.swift */ = {isa = PBXFileReference; fileEncoding = 4; lastKnownFileType = sourcecode.swift; path = TableController.swift; sourceTree = "<group>"; };
		14D986671DBF58A900D7842C /* TableViewCell.swift */ = {isa = PBXFileReference; fileEncoding = 4; lastKnownFileType = sourcecode.swift; path = TableViewCell.swift; sourceTree = "<group>"; };
		14F393951CC6512400616696 /* Package.swift */ = {isa = PBXFileReference; lastKnownFileType = sourcecode.swift; path = Package.swift; sourceTree = "<group>"; };
		14F393961CC6517E00616696 /* LICENSE.md */ = {isa = PBXFileReference; lastKnownFileType = net.daringfireball.markdown; path = LICENSE.md; sourceTree = "<group>"; };
		440998801DC0B1C600C11852 /* UICollectionViewTests.swift */ = {isa = PBXFileReference; fileEncoding = 4; lastKnownFileType = sourcecode.swift; path = UICollectionViewTests.swift; sourceTree = "<group>"; };
		440E05861DC0B07D0044F59F /* UITableViewTests.swift */ = {isa = PBXFileReference; fileEncoding = 4; lastKnownFileType = sourcecode.swift; path = UITableViewTests.swift; sourceTree = "<group>"; };
		4479760E1DC0A42100A1F577 /* UITableView+Sweet.swift */ = {isa = PBXFileReference; fileEncoding = 4; lastKnownFileType = sourcecode.swift; path = "UITableView+Sweet.swift"; sourceTree = "<group>"; };
		447976131DC0A42C00A1F577 /* UICollectionView+Sweet.swift */ = {isa = PBXFileReference; fileEncoding = 4; lastKnownFileType = sourcecode.swift; path = "UICollectionView+Sweet.swift"; sourceTree = "<group>"; };
		449822331E091D350008BE7C /* UILocalNotification+Sweet.swift */ = {isa = PBXFileReference; fileEncoding = 4; lastKnownFileType = sourcecode.swift; path = "UILocalNotification+Sweet.swift"; sourceTree = "<group>"; };
		9F4C5B6C1DC0DE1A00F2A77B /* IndexPathTests.swift */ = {isa = PBXFileReference; fileEncoding = 4; lastKnownFileType = sourcecode.swift; path = IndexPathTests.swift; sourceTree = "<group>"; };
		9FC8B9E81DC74D0500A68185 /* Jiggly.swift */ = {isa = PBXFileReference; fileEncoding = 4; lastKnownFileType = sourcecode.swift; path = Jiggly.swift; sourceTree = "<group>"; };
/* End PBXFileReference section */

/* Begin PBXFrameworksBuildPhase section */
		140124BE1DBF582900EA92FB /* Frameworks */ = {
			isa = PBXFrameworksBuildPhase;
			buildActionMask = 2147483647;
			files = (
				9FBA0C7D1DBFBC6D0007D239 /* SweetUIKit.framework in Frameworks */,
			);
			runOnlyForDeploymentPostprocessing = 0;
		};
		146D72A91AB782920058798C /* Frameworks */ = {
			isa = PBXFrameworksBuildPhase;
			buildActionMask = 2147483647;
			files = (
			);
			runOnlyForDeploymentPostprocessing = 0;
		};
		149D81361DBD2A5E00A9EB1A /* Frameworks */ = {
			isa = PBXFrameworksBuildPhase;
			buildActionMask = 2147483647;
			files = (
			);
			runOnlyForDeploymentPostprocessing = 0;
		};
		149D814E1DBD2ADD00A9EB1A /* Frameworks */ = {
			isa = PBXFrameworksBuildPhase;
			buildActionMask = 2147483647;
			files = (
			);
			runOnlyForDeploymentPostprocessing = 0;
		};
		149D815B1DBD2AE500A9EB1A /* Frameworks */ = {
			isa = PBXFrameworksBuildPhase;
			buildActionMask = 2147483647;
			files = (
			);
			runOnlyForDeploymentPostprocessing = 0;
		};
		149D81681DBD2AFB00A9EB1A /* Frameworks */ = {
			isa = PBXFrameworksBuildPhase;
			buildActionMask = 2147483647;
			files = (
			);
			runOnlyForDeploymentPostprocessing = 0;
		};
/* End PBXFrameworksBuildPhase section */

/* Begin PBXGroup section */
		140124C21DBF582900EA92FB /* iOSDemo */ = {
			isa = PBXGroup;
			children = (
				14D986631DBF58A900D7842C /* CollectionController.swift */,
				14D986641DBF58A900D7842C /* CollectionViewCell.swift */,
				14D986651DBF58A900D7842C /* Localizable.strings */,
				14D986661DBF58A900D7842C /* TableController.swift */,
				14D986671DBF58A900D7842C /* TableViewCell.swift */,
				140124C31DBF582900EA92FB /* AppDelegate.swift */,
				140124CA1DBF582900EA92FB /* Assets.xcassets */,
				140124CC1DBF582900EA92FB /* LaunchScreen.storyboard */,
				140124CF1DBF582900EA92FB /* Info.plist */,
			);
			path = iOSDemo;
			sourceTree = "<group>";
		};
		146D728A1AB782920058798C = {
			isa = PBXGroup;
			children = (
				14C136501AB7849300B7B07A /* Metadata */,
				146F4AD21DDC6A2B007C9534 /* Resources */,
				14C31A8C1CD294C70056A33F /* Sources */,
				146D72AF1AB782920058798C /* Tests */,
				140124C21DBF582900EA92FB /* iOSDemo */,
				146D72941AB782920058798C /* Products */,
			);
			indentWidth = 4;
			sourceTree = "<group>";
			tabWidth = 4;
		};
		146D72941AB782920058798C /* Products */ = {
			isa = PBXGroup;
			children = (
				146D72AC1AB782920058798C /* iOSTests.xctest */,
				149D81391DBD2A5E00A9EB1A /* tvOSTests.xctest */,
				149D81521DBD2ADD00A9EB1A /* SweetUIKit.framework */,
				149D815F1DBD2AE500A9EB1A /* SweetUIKit.framework */,
				149D816C1DBD2AFB00A9EB1A /* SweetUIKit.framework */,
				140124C11DBF582900EA92FB /* iOSDemo.app */,
			);
			name = Products;
			sourceTree = "<group>";
		};
		146D72AF1AB782920058798C /* Tests */ = {
			isa = PBXGroup;
			children = (
				140124B41DBF57FC00EA92FB /* StringTests.swift */,
				140124B51DBF57FC00EA92FB /* UILabelTests.swift */,
				140124B61DBF57FC00EA92FB /* UIScrollViewTests.swift */,
				440E05861DC0B07D0044F59F /* UITableViewTests.swift */,
				440998801DC0B1C600C11852 /* UICollectionViewTests.swift */,
				9F4C5B6C1DC0DE1A00F2A77B /* IndexPathTests.swift */,
				146D72B01AB782920058798C /* Supporting Files */,
				1425657E1E09643100184D47 /* UIColorTests.swift */,
			);
			path = Tests;
			sourceTree = "<group>";
		};
		146D72B01AB782920058798C /* Supporting Files */ = {
			isa = PBXGroup;
			children = (
				146D72B11AB782920058798C /* Info.plist */,
			);
			name = "Supporting Files";
			sourceTree = "<group>";
		};
		146F4AD21DDC6A2B007C9534 /* Resources */ = {
			isa = PBXGroup;
			children = (
				146F4AD31DDC6A2B007C9534 /* OpenInSafariActivity.strings */,
				146F4AD51DDC6A2B007C9534 /* Resources.xcassets */,
			);
			path = Resources;
			sourceTree = "<group>";
		};
		14C136501AB7849300B7B07A /* Metadata */ = {
			isa = PBXGroup;
			children = (
				14C47E0D1CD2AE5F004A48DF /* Info.plist */,
				14C0AF801BD6D4230009ECBE /* .travis.yml */,
				14C0AF811BD6D4230009ECBE /* CHANGELOG.md */,
				14C0AF821BD6D4230009ECBE /* CONTRIBUTING.md */,
				14F393961CC6517E00616696 /* LICENSE.md */,
				14F393951CC6512400616696 /* Package.swift */,
				14C0AF831BD6D4230009ECBE /* README.md */,
			);
			name = Metadata;
			sourceTree = "<group>";
		};
		14C31A8C1CD294C70056A33F /* Sources */ = {
			isa = PBXGroup;
			children = (
				149D81811DBD2E8000A9EB1A /* SweetUIKit.h */,
				140124621DBF57BA00EA92FB /* Identifiable.swift */,
				140124631DBF57BA00EA92FB /* IndexPath+Sweet.swift */,
				140124641DBF57BA00EA92FB /* OpenInSafariActivity.swift */,
				140124651DBF57BA00EA92FB /* String+Sweet.swift */,
				140124661DBF57BA00EA92FB /* SweetCollectionController.swift */,
				140124671DBF57BA00EA92FB /* SweetTableController.swift */,
				140124681DBF57BA00EA92FB /* UIAlertController+Sweet.swift */,
				140124691DBF57BA00EA92FB /* UIImage+Sweet.swift */,
				1401246A1DBF57BA00EA92FB /* UILabel+Sweet.swift */,
				1401246B1DBF57BA00EA92FB /* UIScrollView+Sweet.swift */,
				1401246C1DBF57BA00EA92FB /* UIView+Sweet.swift */,
				1401246D1DBF57BA00EA92FB /* UIViewController+Sweet.swift */,
				4479760E1DC0A42100A1F577 /* UITableView+Sweet.swift */,
				447976131DC0A42C00A1F577 /* UICollectionView+Sweet.swift */,
				9FC8B9E81DC74D0500A68185 /* Jiggly.swift */,
				449822331E091D350008BE7C /* UILocalNotification+Sweet.swift */,
				142565771E09641400184D47 /* UIColor+Sweet.swift */,
			);
			path = Sources;
			sourceTree = "<group>";
		};
/* End PBXGroup section */

/* Begin PBXHeadersBuildPhase section */
		149D814F1DBD2ADD00A9EB1A /* Headers */ = {
			isa = PBXHeadersBuildPhase;
			buildActionMask = 2147483647;
			files = (
				149D81821DBD2E8000A9EB1A /* SweetUIKit.h in Headers */,
				1480D4BC1DBF600900507EE0 /* Identifiable.swift in Headers */,
				1480D4BD1DBF600900507EE0 /* IndexPath+Sweet.swift in Headers */,
				1480D4BE1DBF600900507EE0 /* OpenInSafariActivity.swift in Headers */,
				1480D4BF1DBF600900507EE0 /* String+Sweet.swift in Headers */,
				1480D4C01DBF600900507EE0 /* SweetCollectionController.swift in Headers */,
				1480D4C11DBF600900507EE0 /* SweetTableController.swift in Headers */,
				1480D4C21DBF600900507EE0 /* UIAlertController+Sweet.swift in Headers */,
				1480D4C31DBF600900507EE0 /* UIImage+Sweet.swift in Headers */,
				1480D4C41DBF600900507EE0 /* UILabel+Sweet.swift in Headers */,
				1480D4C51DBF600900507EE0 /* UIScrollView+Sweet.swift in Headers */,
				1480D4C61DBF600900507EE0 /* UIView+Sweet.swift in Headers */,
				1480D4C71DBF600900507EE0 /* UIViewController+Sweet.swift in Headers */,
			);
			runOnlyForDeploymentPostprocessing = 0;
		};
		149D815C1DBD2AE500A9EB1A /* Headers */ = {
			isa = PBXHeadersBuildPhase;
			buildActionMask = 2147483647;
			files = (
				149D81831DBD2E8000A9EB1A /* SweetUIKit.h in Headers */,
				1480D4C81DBF600C00507EE0 /* Identifiable.swift in Headers */,
				1480D4C91DBF600C00507EE0 /* IndexPath+Sweet.swift in Headers */,
				1480D4CA1DBF600C00507EE0 /* OpenInSafariActivity.swift in Headers */,
				1480D4CB1DBF600C00507EE0 /* String+Sweet.swift in Headers */,
				1480D4CC1DBF600C00507EE0 /* SweetCollectionController.swift in Headers */,
				1480D4CD1DBF600C00507EE0 /* SweetTableController.swift in Headers */,
				1480D4CE1DBF600C00507EE0 /* UIAlertController+Sweet.swift in Headers */,
				1480D4CF1DBF600C00507EE0 /* UIImage+Sweet.swift in Headers */,
				1480D4D01DBF600C00507EE0 /* UILabel+Sweet.swift in Headers */,
				1480D4D11DBF600C00507EE0 /* UIScrollView+Sweet.swift in Headers */,
				1480D4D21DBF600C00507EE0 /* UIView+Sweet.swift in Headers */,
				1480D4D31DBF600C00507EE0 /* UIViewController+Sweet.swift in Headers */,
			);
			runOnlyForDeploymentPostprocessing = 0;
		};
		149D81691DBD2AFB00A9EB1A /* Headers */ = {
			isa = PBXHeadersBuildPhase;
			buildActionMask = 2147483647;
			files = (
				149D81841DBD2E8000A9EB1A /* SweetUIKit.h in Headers */,
				1480D4D41DBF600E00507EE0 /* Identifiable.swift in Headers */,
				1480D4D51DBF600E00507EE0 /* IndexPath+Sweet.swift in Headers */,
				1480D4D61DBF600E00507EE0 /* OpenInSafariActivity.swift in Headers */,
				1480D4D71DBF600E00507EE0 /* String+Sweet.swift in Headers */,
				1480D4D81DBF600E00507EE0 /* SweetCollectionController.swift in Headers */,
				1480D4D91DBF600E00507EE0 /* SweetTableController.swift in Headers */,
				1480D4DA1DBF600E00507EE0 /* UIAlertController+Sweet.swift in Headers */,
				1480D4DB1DBF600E00507EE0 /* UIImage+Sweet.swift in Headers */,
				1480D4DC1DBF600E00507EE0 /* UILabel+Sweet.swift in Headers */,
				1480D4DD1DBF600E00507EE0 /* UIScrollView+Sweet.swift in Headers */,
				1480D4DE1DBF600E00507EE0 /* UIView+Sweet.swift in Headers */,
				1480D4DF1DBF600E00507EE0 /* UIViewController+Sweet.swift in Headers */,
			);
			runOnlyForDeploymentPostprocessing = 0;
		};
/* End PBXHeadersBuildPhase section */

/* Begin PBXNativeTarget section */
		140124C01DBF582900EA92FB /* iOSDemo */ = {
			isa = PBXNativeTarget;
			buildConfigurationList = 140124D01DBF582900EA92FB /* Build configuration list for PBXNativeTarget "iOSDemo" */;
			buildPhases = (
				140124BD1DBF582900EA92FB /* Sources */,
				140124BE1DBF582900EA92FB /* Frameworks */,
				140124BF1DBF582900EA92FB /* Resources */,
				9FBA0C7F1DBFBC730007D239 /* Embed Frameworks */,
			);
			buildRules = (
			);
			dependencies = (
			);
			name = iOSDemo;
			productName = iOSDemo;
			productReference = 140124C11DBF582900EA92FB /* iOSDemo.app */;
			productType = "com.apple.product-type.application";
		};
		146D72AB1AB782920058798C /* iOSTests */ = {
			isa = PBXNativeTarget;
			buildConfigurationList = 146D72B91AB782920058798C /* Build configuration list for PBXNativeTarget "iOSTests" */;
			buildPhases = (
				146D72A81AB782920058798C /* Sources */,
				146D72A91AB782920058798C /* Frameworks */,
				146D72AA1AB782920058798C /* Resources */,
				141001141CD298F200C01F60 /* CopyFiles */,
			);
			buildRules = (
			);
			dependencies = (
			);
			name = iOSTests;
			productName = PodTests;
			productReference = 146D72AC1AB782920058798C /* iOSTests.xctest */;
			productType = "com.apple.product-type.bundle.unit-test";
		};
		149D81381DBD2A5E00A9EB1A /* tvOSTests */ = {
			isa = PBXNativeTarget;
			buildConfigurationList = 149D813E1DBD2A5E00A9EB1A /* Build configuration list for PBXNativeTarget "tvOSTests" */;
			buildPhases = (
				149D81351DBD2A5E00A9EB1A /* Sources */,
				149D81361DBD2A5E00A9EB1A /* Frameworks */,
				149D81371DBD2A5E00A9EB1A /* Resources */,
			);
			buildRules = (
			);
			dependencies = (
			);
			name = tvOSTests;
			productName = tvOSTests;
			productReference = 149D81391DBD2A5E00A9EB1A /* tvOSTests.xctest */;
			productType = "com.apple.product-type.bundle.unit-test";
		};
		149D81511DBD2ADD00A9EB1A /* SweetUIKit-iOS */ = {
			isa = PBXNativeTarget;
			buildConfigurationList = 149D81571DBD2ADD00A9EB1A /* Build configuration list for PBXNativeTarget "SweetUIKit-iOS" */;
			buildPhases = (
				149D814D1DBD2ADD00A9EB1A /* Sources */,
				149D814E1DBD2ADD00A9EB1A /* Frameworks */,
				149D814F1DBD2ADD00A9EB1A /* Headers */,
				149D81501DBD2ADD00A9EB1A /* Resources */,
			);
			buildRules = (
			);
			dependencies = (
			);
			name = "SweetUIKit-iOS";
			productName = "SweetUIKit-iOS";
			productReference = 149D81521DBD2ADD00A9EB1A /* SweetUIKit.framework */;
			productType = "com.apple.product-type.framework";
		};
		149D815E1DBD2AE500A9EB1A /* SweetUIKit-watchOS */ = {
			isa = PBXNativeTarget;
			buildConfigurationList = 149D81641DBD2AE500A9EB1A /* Build configuration list for PBXNativeTarget "SweetUIKit-watchOS" */;
			buildPhases = (
				149D815A1DBD2AE500A9EB1A /* Sources */,
				149D815B1DBD2AE500A9EB1A /* Frameworks */,
				149D815C1DBD2AE500A9EB1A /* Headers */,
				149D815D1DBD2AE500A9EB1A /* Resources */,
			);
			buildRules = (
			);
			dependencies = (
			);
			name = "SweetUIKit-watchOS";
			productName = "SweetUIKit-watchOS";
			productReference = 149D815F1DBD2AE500A9EB1A /* SweetUIKit.framework */;
			productType = "com.apple.product-type.framework";
		};
		149D816B1DBD2AFB00A9EB1A /* SweetUIKit-tvOS */ = {
			isa = PBXNativeTarget;
			buildConfigurationList = 149D81711DBD2AFB00A9EB1A /* Build configuration list for PBXNativeTarget "SweetUIKit-tvOS" */;
			buildPhases = (
				149D81671DBD2AFB00A9EB1A /* Sources */,
				149D81681DBD2AFB00A9EB1A /* Frameworks */,
				149D81691DBD2AFB00A9EB1A /* Headers */,
				149D816A1DBD2AFB00A9EB1A /* Resources */,
			);
			buildRules = (
			);
			dependencies = (
			);
			name = "SweetUIKit-tvOS";
			productName = "SweetUIKit-tvOS";
			productReference = 149D816C1DBD2AFB00A9EB1A /* SweetUIKit.framework */;
			productType = "com.apple.product-type.framework";
		};
/* End PBXNativeTarget section */

/* Begin PBXProject section */
		146D728B1AB782920058798C /* Project object */ = {
			isa = PBXProject;
			attributes = {
				CLASSPREFIX = "";
				LastSwiftUpdateCheck = 0800;
				LastUpgradeCheck = 0800;
				ORGANIZATIONNAME = "";
				TargetAttributes = {
					140124C01DBF582900EA92FB = {
						CreatedOnToolsVersion = 8.0;
						DevelopmentTeam = 29X3GG489T;
						ProvisioningStyle = Automatic;
					};
					146D72AB1AB782920058798C = {
						CreatedOnToolsVersion = 6.2;
						LastSwiftMigration = 0800;
					};
					149D81381DBD2A5E00A9EB1A = {
						CreatedOnToolsVersion = 8.0;
						LastSwiftMigration = 0800;
						ProvisioningStyle = Automatic;
					};
					149D81511DBD2ADD00A9EB1A = {
						CreatedOnToolsVersion = 8.0;
						LastSwiftMigration = 0800;
						ProvisioningStyle = Automatic;
					};
					149D815E1DBD2AE500A9EB1A = {
						CreatedOnToolsVersion = 8.0;
						LastSwiftMigration = 0800;
						ProvisioningStyle = Automatic;
					};
					149D816B1DBD2AFB00A9EB1A = {
						CreatedOnToolsVersion = 8.0;
						LastSwiftMigration = 0800;
						ProvisioningStyle = Automatic;
					};
				};
			};
			buildConfigurationList = 146D728E1AB782920058798C /* Build configuration list for PBXProject "Demo" */;
			compatibilityVersion = "Xcode 3.2";
			developmentRegion = English;
			hasScannedForEncodings = 0;
			knownRegions = (
				en,
				Base,
			);
			mainGroup = 146D728A1AB782920058798C;
			productRefGroup = 146D72941AB782920058798C /* Products */;
			projectDirPath = "";
			projectRoot = "";
			targets = (
				146D72AB1AB782920058798C /* iOSTests */,
				149D81381DBD2A5E00A9EB1A /* tvOSTests */,
				149D81511DBD2ADD00A9EB1A /* SweetUIKit-iOS */,
				149D815E1DBD2AE500A9EB1A /* SweetUIKit-watchOS */,
				149D816B1DBD2AFB00A9EB1A /* SweetUIKit-tvOS */,
				140124C01DBF582900EA92FB /* iOSDemo */,
			);
		};
/* End PBXProject section */

/* Begin PBXResourcesBuildPhase section */
		140124BF1DBF582900EA92FB /* Resources */ = {
			isa = PBXResourcesBuildPhase;
			buildActionMask = 2147483647;
			files = (
				140124CE1DBF582900EA92FB /* LaunchScreen.storyboard in Resources */,
				14D9866A1DBF58A900D7842C /* Localizable.strings in Resources */,
				140124CB1DBF582900EA92FB /* Assets.xcassets in Resources */,
			);
			runOnlyForDeploymentPostprocessing = 0;
		};
		146D72AA1AB782920058798C /* Resources */ = {
			isa = PBXResourcesBuildPhase;
			buildActionMask = 2147483647;
			files = (
				14C47E0E1CD2AE5F004A48DF /* Info.plist in Resources */,
			);
			runOnlyForDeploymentPostprocessing = 0;
		};
		149D81371DBD2A5E00A9EB1A /* Resources */ = {
			isa = PBXResourcesBuildPhase;
			buildActionMask = 2147483647;
			files = (
			);
			runOnlyForDeploymentPostprocessing = 0;
		};
		149D81501DBD2ADD00A9EB1A /* Resources */ = {
			isa = PBXResourcesBuildPhase;
			buildActionMask = 2147483647;
			files = (
				146F4AD61DDC6A2B007C9534 /* OpenInSafariActivity.strings in Resources */,
				146F4AD91DDC6A2B007C9534 /* Resources.xcassets in Resources */,
			);
			runOnlyForDeploymentPostprocessing = 0;
		};
		149D815D1DBD2AE500A9EB1A /* Resources */ = {
			isa = PBXResourcesBuildPhase;
			buildActionMask = 2147483647;
			files = (
				146F4AD71DDC6A2B007C9534 /* OpenInSafariActivity.strings in Resources */,
				146F4ADA1DDC6A2B007C9534 /* Resources.xcassets in Resources */,
			);
			runOnlyForDeploymentPostprocessing = 0;
		};
		149D816A1DBD2AFB00A9EB1A /* Resources */ = {
			isa = PBXResourcesBuildPhase;
			buildActionMask = 2147483647;
			files = (
				146F4AD81DDC6A2B007C9534 /* OpenInSafariActivity.strings in Resources */,
				146F4ADB1DDC6A2B007C9534 /* Resources.xcassets in Resources */,
			);
			runOnlyForDeploymentPostprocessing = 0;
		};
/* End PBXResourcesBuildPhase section */

/* Begin PBXSourcesBuildPhase section */
		140124BD1DBF582900EA92FB /* Sources */ = {
			isa = PBXSourcesBuildPhase;
			buildActionMask = 2147483647;
			files = (
				14D9866C1DBF58A900D7842C /* TableViewCell.swift in Sources */,
				14D9866B1DBF58A900D7842C /* TableController.swift in Sources */,
				449822391E091D350008BE7C /* UILocalNotification+Sweet.swift in Sources */,
				140124C41DBF582900EA92FB /* AppDelegate.swift in Sources */,
				14D986681DBF58A900D7842C /* CollectionController.swift in Sources */,
				9FC8B9EB1DC74D0D00A68185 /* Jiggly.swift in Sources */,
				1425657D1E09641400184D47 /* UIColor+Sweet.swift in Sources */,
				14D986691DBF58A900D7842C /* CollectionViewCell.swift in Sources */,
			);
			runOnlyForDeploymentPostprocessing = 0;
		};
		146D72A81AB782920058798C /* Sources */ = {
			isa = PBXSourcesBuildPhase;
			buildActionMask = 2147483647;
			files = (
				440E058A1DC0B0870044F59F /* Identifiable.swift in Sources */,
				140124B91DBF57FC00EA92FB /* UILabelTests.swift in Sources */,
				140124781DBF57BA00EA92FB /* OpenInSafariActivity.swift in Sources */,
				140124821DBF57BA00EA92FB /* SweetCollectionController.swift in Sources */,
				140124871DBF57BA00EA92FB /* SweetTableController.swift in Sources */,
				1425657F1E09643100184D47 /* UIColorTests.swift in Sources */,
				440998841DC0B1DB00C11852 /* UICollectionView+Sweet.swift in Sources */,
				9F4C5B6D1DC0DE1A00F2A77B /* IndexPathTests.swift in Sources */,
				9FC8B9E91DC74D0500A68185 /* Jiggly.swift in Sources */,
				140124961DBF57BA00EA92FB /* UILabel+Sweet.swift in Sources */,
				142565781E09641400184D47 /* UIColor+Sweet.swift in Sources */,
				140124A51DBF57BA00EA92FB /* UIViewController+Sweet.swift in Sources */,
				440E05891DC0B0840044F59F /* UITableView+Sweet.swift in Sources */,
				1401249B1DBF57BA00EA92FB /* UIScrollView+Sweet.swift in Sources */,
				140124731DBF57BA00EA92FB /* IndexPath+Sweet.swift in Sources */,
				449822341E091D350008BE7C /* UILocalNotification+Sweet.swift in Sources */,
				140124911DBF57BA00EA92FB /* UIImage+Sweet.swift in Sources */,
				140124B71DBF57FC00EA92FB /* StringTests.swift in Sources */,
				1401248C1DBF57BA00EA92FB /* UIAlertController+Sweet.swift in Sources */,
				140124BB1DBF57FC00EA92FB /* UIScrollViewTests.swift in Sources */,
				440998811DC0B1C600C11852 /* UICollectionViewTests.swift in Sources */,
				440E05871DC0B07D0044F59F /* UITableViewTests.swift in Sources */,
				140124A01DBF57BA00EA92FB /* UIView+Sweet.swift in Sources */,
				1401247D1DBF57BA00EA92FB /* String+Sweet.swift in Sources */,
			);
			runOnlyForDeploymentPostprocessing = 0;
		};
		149D81351DBD2A5E00A9EB1A /* Sources */ = {
			isa = PBXSourcesBuildPhase;
			buildActionMask = 2147483647;
			files = (
				140124BC1DBF57FC00EA92FB /* UIScrollViewTests.swift in Sources */,
				44CD98C01DC0E38300632C84 /* IndexPathTests.swift in Sources */,
				140124A61DBF57BA00EA92FB /* UIViewController+Sweet.swift in Sources */,
				140124A11DBF57BA00EA92FB /* UIView+Sweet.swift in Sources */,
				440998831DC0B1DA00C11852 /* UICollectionView+Sweet.swift in Sources */,
				140124B81DBF57FC00EA92FB /* StringTests.swift in Sources */,
				140124971DBF57BA00EA92FB /* UILabel+Sweet.swift in Sources */,
				1401247E1DBF57BA00EA92FB /* String+Sweet.swift in Sources */,
				140124831DBF57BA00EA92FB /* SweetCollectionController.swift in Sources */,
				1401248D1DBF57BA00EA92FB /* UIAlertController+Sweet.swift in Sources */,
				140124791DBF57BA00EA92FB /* OpenInSafariActivity.swift in Sources */,
				140124BA1DBF57FC00EA92FB /* UILabelTests.swift in Sources */,
				140124881DBF57BA00EA92FB /* SweetTableController.swift in Sources */,
				44CD98C21DC0E3A100632C84 /* Identifiable.swift in Sources */,
				140124741DBF57BA00EA92FB /* IndexPath+Sweet.swift in Sources */,
				440E05881DC0B07D0044F59F /* UITableViewTests.swift in Sources */,
				142565791E09641400184D47 /* UIColor+Sweet.swift in Sources */,
				449822351E091D350008BE7C /* UILocalNotification+Sweet.swift in Sources */,
				140124921DBF57BA00EA92FB /* UIImage+Sweet.swift in Sources */,
				440998821DC0B1C600C11852 /* UICollectionViewTests.swift in Sources */,
				142565801E09643100184D47 /* UIColorTests.swift in Sources */,
				1401249C1DBF57BA00EA92FB /* UIScrollView+Sweet.swift in Sources */,
				44CD98C11DC0E39400632C84 /* UITableView+Sweet.swift in Sources */,
			);
			runOnlyForDeploymentPostprocessing = 0;
		};
		149D814D1DBD2ADD00A9EB1A /* Sources */ = {
			isa = PBXSourcesBuildPhase;
			buildActionMask = 2147483647;
			files = (
				140124A71DBF57BA00EA92FB /* UIViewController+Sweet.swift in Sources */,
				9FC8B9EA1DC74D0A00A68185 /* Jiggly.swift in Sources */,
				4479760F1DC0A42100A1F577 /* UITableView+Sweet.swift in Sources */,
				140124A21DBF57BA00EA92FB /* UIView+Sweet.swift in Sources */,
				140124981DBF57BA00EA92FB /* UILabel+Sweet.swift in Sources */,
				1401247F1DBF57BA00EA92FB /* String+Sweet.swift in Sources */,
				447976141DC0A42C00A1F577 /* UICollectionView+Sweet.swift in Sources */,
				140124841DBF57BA00EA92FB /* SweetCollectionController.swift in Sources */,
				1425657A1E09641400184D47 /* UIColor+Sweet.swift in Sources */,
				1401248E1DBF57BA00EA92FB /* UIAlertController+Sweet.swift in Sources */,
				1401247A1DBF57BA00EA92FB /* OpenInSafariActivity.swift in Sources */,
				140124891DBF57BA00EA92FB /* SweetTableController.swift in Sources */,
				140124701DBF57BA00EA92FB /* Identifiable.swift in Sources */,
				140124751DBF57BA00EA92FB /* IndexPath+Sweet.swift in Sources */,
				449822361E091D350008BE7C /* UILocalNotification+Sweet.swift in Sources */,
				140124931DBF57BA00EA92FB /* UIImage+Sweet.swift in Sources */,
				1401249D1DBF57BA00EA92FB /* UIScrollView+Sweet.swift in Sources */,
			);
			runOnlyForDeploymentPostprocessing = 0;
		};
		149D815A1DBD2AE500A9EB1A /* Sources */ = {
			isa = PBXSourcesBuildPhase;
			buildActionMask = 2147483647;
			files = (
				140124A81DBF57BA00EA92FB /* UIViewController+Sweet.swift in Sources */,
				447976101DC0A42100A1F577 /* UITableView+Sweet.swift in Sources */,
				140124A31DBF57BA00EA92FB /* UIView+Sweet.swift in Sources */,
				1460417E1DDC6203005BEF7C /* Jiggly.swift in Sources */,
				140124991DBF57BA00EA92FB /* UILabel+Sweet.swift in Sources */,
				140124801DBF57BA00EA92FB /* String+Sweet.swift in Sources */,
				447976151DC0A42C00A1F577 /* UICollectionView+Sweet.swift in Sources */,
				140124851DBF57BA00EA92FB /* SweetCollectionController.swift in Sources */,
				1425657B1E09641400184D47 /* UIColor+Sweet.swift in Sources */,
				1401248F1DBF57BA00EA92FB /* UIAlertController+Sweet.swift in Sources */,
				1401247B1DBF57BA00EA92FB /* OpenInSafariActivity.swift in Sources */,
				1401248A1DBF57BA00EA92FB /* SweetTableController.swift in Sources */,
				140124711DBF57BA00EA92FB /* Identifiable.swift in Sources */,
				140124761DBF57BA00EA92FB /* IndexPath+Sweet.swift in Sources */,
				449822371E091D350008BE7C /* UILocalNotification+Sweet.swift in Sources */,
				140124941DBF57BA00EA92FB /* UIImage+Sweet.swift in Sources */,
				1401249E1DBF57BA00EA92FB /* UIScrollView+Sweet.swift in Sources */,
			);
			runOnlyForDeploymentPostprocessing = 0;
		};
		149D81671DBD2AFB00A9EB1A /* Sources */ = {
			isa = PBXSourcesBuildPhase;
			buildActionMask = 2147483647;
			files = (
				140124A91DBF57BA00EA92FB /* UIViewController+Sweet.swift in Sources */,
				447976111DC0A42100A1F577 /* UITableView+Sweet.swift in Sources */,
				140124A41DBF57BA00EA92FB /* UIView+Sweet.swift in Sources */,
				1460417F1DDC6204005BEF7C /* Jiggly.swift in Sources */,
				1401249A1DBF57BA00EA92FB /* UILabel+Sweet.swift in Sources */,
				140124811DBF57BA00EA92FB /* String+Sweet.swift in Sources */,
				447976161DC0A42C00A1F577 /* UICollectionView+Sweet.swift in Sources */,
				140124861DBF57BA00EA92FB /* SweetCollectionController.swift in Sources */,
				1425657C1E09641400184D47 /* UIColor+Sweet.swift in Sources */,
				140124901DBF57BA00EA92FB /* UIAlertController+Sweet.swift in Sources */,
				1401247C1DBF57BA00EA92FB /* OpenInSafariActivity.swift in Sources */,
				1401248B1DBF57BA00EA92FB /* SweetTableController.swift in Sources */,
				140124721DBF57BA00EA92FB /* Identifiable.swift in Sources */,
				140124771DBF57BA00EA92FB /* IndexPath+Sweet.swift in Sources */,
				449822381E091D350008BE7C /* UILocalNotification+Sweet.swift in Sources */,
				140124951DBF57BA00EA92FB /* UIImage+Sweet.swift in Sources */,
				1401249F1DBF57BA00EA92FB /* UIScrollView+Sweet.swift in Sources */,
			);
			runOnlyForDeploymentPostprocessing = 0;
		};
/* End PBXSourcesBuildPhase section */

/* Begin PBXVariantGroup section */
		140124CC1DBF582900EA92FB /* LaunchScreen.storyboard */ = {
			isa = PBXVariantGroup;
			children = (
				140124CD1DBF582900EA92FB /* Base */,
			);
			name = LaunchScreen.storyboard;
			sourceTree = "<group>";
		};
		146F4AD31DDC6A2B007C9534 /* OpenInSafariActivity.strings */ = {
			isa = PBXVariantGroup;
			children = (
				146F4AD41DDC6A2B007C9534 /* en */,
			);
			name = OpenInSafariActivity.strings;
			sourceTree = "<group>";
		};
/* End PBXVariantGroup section */

/* Begin XCBuildConfiguration section */
		140124D11DBF582900EA92FB /* Debug */ = {
			isa = XCBuildConfiguration;
			buildSettings = {
				ASSETCATALOG_COMPILER_APPICON_NAME = AppIcon;
				CLANG_ANALYZER_NONNULL = YES;
				CLANG_WARN_DOCUMENTATION_COMMENTS = YES;
				CLANG_WARN_SUSPICIOUS_MOVES = YES;
				DEBUG_INFORMATION_FORMAT = dwarf;
				DEVELOPMENT_TEAM = 29X3GG489T;
				INFOPLIST_FILE = iOSDemo/Info.plist;
				IPHONEOS_DEPLOYMENT_TARGET = 9.0;
				LD_RUNPATH_SEARCH_PATHS = "$(inherited) @executable_path/Frameworks";
				PRODUCT_BUNDLE_IDENTIFIER = com.usesweet.iOSDemo;
				PRODUCT_NAME = "$(TARGET_NAME)";
				SWIFT_ACTIVE_COMPILATION_CONDITIONS = DEBUG;
				SWIFT_OPTIMIZATION_LEVEL = "-Onone";
				SWIFT_VERSION = 3.0;
			};
			name = Debug;
		};
		140124D21DBF582900EA92FB /* Release */ = {
			isa = XCBuildConfiguration;
			buildSettings = {
				ASSETCATALOG_COMPILER_APPICON_NAME = AppIcon;
				CLANG_ANALYZER_NONNULL = YES;
				CLANG_WARN_DOCUMENTATION_COMMENTS = YES;
				CLANG_WARN_SUSPICIOUS_MOVES = YES;
				DEBUG_INFORMATION_FORMAT = "dwarf-with-dsym";
				DEVELOPMENT_TEAM = 29X3GG489T;
				INFOPLIST_FILE = iOSDemo/Info.plist;
				IPHONEOS_DEPLOYMENT_TARGET = 9.0;
				LD_RUNPATH_SEARCH_PATHS = "$(inherited) @executable_path/Frameworks";
				PRODUCT_BUNDLE_IDENTIFIER = com.usesweet.iOSDemo;
				PRODUCT_NAME = "$(TARGET_NAME)";
				SWIFT_VERSION = 3.0;
			};
			name = Release;
		};
		146D72B41AB782920058798C /* Debug */ = {
			isa = XCBuildConfiguration;
			buildSettings = {
				ALWAYS_SEARCH_USER_PATHS = NO;
				CLANG_CXX_LANGUAGE_STANDARD = "gnu++0x";
				CLANG_CXX_LIBRARY = "libc++";
				CLANG_ENABLE_MODULES = YES;
				CLANG_ENABLE_OBJC_ARC = YES;
				CLANG_WARN_BOOL_CONVERSION = YES;
				CLANG_WARN_CONSTANT_CONVERSION = YES;
				CLANG_WARN_DIRECT_OBJC_ISA_USAGE = YES_ERROR;
				CLANG_WARN_EMPTY_BODY = YES;
				CLANG_WARN_ENUM_CONVERSION = YES;
				CLANG_WARN_INFINITE_RECURSION = YES;
				CLANG_WARN_INT_CONVERSION = YES;
				CLANG_WARN_OBJC_ROOT_CLASS = YES_ERROR;
				CLANG_WARN_SUSPICIOUS_MOVE = YES;
				CLANG_WARN_UNREACHABLE_CODE = YES;
				CLANG_WARN__DUPLICATE_METHOD_MATCH = YES;
				"CODE_SIGN_IDENTITY[sdk=iphoneos*]" = "iPhone Developer";
				COPY_PHASE_STRIP = NO;
				ENABLE_STRICT_OBJC_MSGSEND = YES;
				ENABLE_TESTABILITY = YES;
				GCC_C_LANGUAGE_STANDARD = gnu99;
				GCC_DYNAMIC_NO_PIC = NO;
				GCC_NO_COMMON_BLOCKS = YES;
				GCC_OPTIMIZATION_LEVEL = 0;
				GCC_PREPROCESSOR_DEFINITIONS = (
					"DEBUG=1",
					"$(inherited)",
				);
				GCC_SYMBOLS_PRIVATE_EXTERN = NO;
				GCC_WARN_64_TO_32_BIT_CONVERSION = YES;
				GCC_WARN_ABOUT_RETURN_TYPE = YES_ERROR;
				GCC_WARN_UNDECLARED_SELECTOR = YES;
				GCC_WARN_UNINITIALIZED_AUTOS = YES_AGGRESSIVE;
				GCC_WARN_UNUSED_FUNCTION = YES;
				GCC_WARN_UNUSED_VARIABLE = YES;
				IPHONEOS_DEPLOYMENT_TARGET = 9.0;
				MTL_ENABLE_DEBUG_INFO = YES;
				ONLY_ACTIVE_ARCH = YES;
				SDKROOT = iphoneos;
			};
			name = Debug;
		};
		146D72B51AB782920058798C /* Release */ = {
			isa = XCBuildConfiguration;
			buildSettings = {
				ALWAYS_SEARCH_USER_PATHS = NO;
				CLANG_CXX_LANGUAGE_STANDARD = "gnu++0x";
				CLANG_CXX_LIBRARY = "libc++";
				CLANG_ENABLE_MODULES = YES;
				CLANG_ENABLE_OBJC_ARC = YES;
				CLANG_WARN_BOOL_CONVERSION = YES;
				CLANG_WARN_CONSTANT_CONVERSION = YES;
				CLANG_WARN_DIRECT_OBJC_ISA_USAGE = YES_ERROR;
				CLANG_WARN_EMPTY_BODY = YES;
				CLANG_WARN_ENUM_CONVERSION = YES;
				CLANG_WARN_INFINITE_RECURSION = YES;
				CLANG_WARN_INT_CONVERSION = YES;
				CLANG_WARN_OBJC_ROOT_CLASS = YES_ERROR;
				CLANG_WARN_SUSPICIOUS_MOVE = YES;
				CLANG_WARN_UNREACHABLE_CODE = YES;
				CLANG_WARN__DUPLICATE_METHOD_MATCH = YES;
				"CODE_SIGN_IDENTITY[sdk=iphoneos*]" = "iPhone Developer";
				COPY_PHASE_STRIP = NO;
				ENABLE_NS_ASSERTIONS = NO;
				ENABLE_STRICT_OBJC_MSGSEND = YES;
				GCC_C_LANGUAGE_STANDARD = gnu99;
				GCC_NO_COMMON_BLOCKS = YES;
				GCC_WARN_64_TO_32_BIT_CONVERSION = YES;
				GCC_WARN_ABOUT_RETURN_TYPE = YES_ERROR;
				GCC_WARN_UNDECLARED_SELECTOR = YES;
				GCC_WARN_UNINITIALIZED_AUTOS = YES_AGGRESSIVE;
				GCC_WARN_UNUSED_FUNCTION = YES;
				GCC_WARN_UNUSED_VARIABLE = YES;
				IPHONEOS_DEPLOYMENT_TARGET = 9.0;
				MTL_ENABLE_DEBUG_INFO = NO;
				SDKROOT = iphoneos;
				SWIFT_OPTIMIZATION_LEVEL = "-Owholemodule";
				VALIDATE_PRODUCT = YES;
			};
			name = Release;
		};
		146D72BA1AB782920058798C /* Debug */ = {
			isa = XCBuildConfiguration;
			buildSettings = {
				CLANG_ENABLE_MODULES = YES;
				"CODE_SIGN_IDENTITY[sdk=iphoneos*]" = "";
				FRAMEWORK_SEARCH_PATHS = "";
				GCC_PREPROCESSOR_DEFINITIONS = (
					"DEBUG=1",
					"$(inherited)",
				);
				INFOPLIST_FILE = Tests/Info.plist;
				LD_RUNPATH_SEARCH_PATHS = "$(inherited) @executable_path/Frameworks @loader_path/Frameworks";
				PRODUCT_BUNDLE_IDENTIFIER = "com.sample.$(PRODUCT_NAME:rfc1034identifier)";
				PRODUCT_NAME = "$(TARGET_NAME)";
				SWIFT_OPTIMIZATION_LEVEL = "-Onone";
				SWIFT_VERSION = 3.0;
			};
			name = Debug;
		};
		146D72BB1AB782920058798C /* Release */ = {
			isa = XCBuildConfiguration;
			buildSettings = {
				CLANG_ENABLE_MODULES = YES;
				"CODE_SIGN_IDENTITY[sdk=iphoneos*]" = "";
				FRAMEWORK_SEARCH_PATHS = "";
				INFOPLIST_FILE = Tests/Info.plist;
				LD_RUNPATH_SEARCH_PATHS = "$(inherited) @executable_path/Frameworks @loader_path/Frameworks";
				PRODUCT_BUNDLE_IDENTIFIER = "com.sample.$(PRODUCT_NAME:rfc1034identifier)";
				PRODUCT_NAME = "$(TARGET_NAME)";
				SWIFT_VERSION = 3.0;
			};
			name = Release;
		};
		149D813F1DBD2A5E00A9EB1A /* Debug */ = {
			isa = XCBuildConfiguration;
			buildSettings = {
				CLANG_ANALYZER_NONNULL = YES;
				CLANG_ENABLE_MODULES = YES;
				CLANG_WARN_DOCUMENTATION_COMMENTS = YES;
				CLANG_WARN_SUSPICIOUS_MOVES = YES;
				CODE_SIGN_IDENTITY = "";
				DEBUG_INFORMATION_FORMAT = dwarf;
				INFOPLIST_FILE = Tests/Info.plist;
				LD_RUNPATH_SEARCH_PATHS = "$(inherited) @executable_path/Frameworks @loader_path/Frameworks";
				PRODUCT_BUNDLE_IDENTIFIER = "com.sample.$(PRODUCT_NAME:rfc1034identifier)";
				PRODUCT_NAME = "$(TARGET_NAME)";
				SDKROOT = appletvos;
				SWIFT_ACTIVE_COMPILATION_CONDITIONS = DEBUG;
				SWIFT_OPTIMIZATION_LEVEL = "-Onone";
				SWIFT_VERSION = 3.0;
				TVOS_DEPLOYMENT_TARGET = 9.0;
			};
			name = Debug;
		};
		149D81401DBD2A5E00A9EB1A /* Release */ = {
			isa = XCBuildConfiguration;
			buildSettings = {
				CLANG_ANALYZER_NONNULL = YES;
				CLANG_ENABLE_MODULES = YES;
				CLANG_WARN_DOCUMENTATION_COMMENTS = YES;
				CLANG_WARN_SUSPICIOUS_MOVES = YES;
				CODE_SIGN_IDENTITY = "";
				DEBUG_INFORMATION_FORMAT = "dwarf-with-dsym";
				INFOPLIST_FILE = Tests/Info.plist;
				LD_RUNPATH_SEARCH_PATHS = "$(inherited) @executable_path/Frameworks @loader_path/Frameworks";
				PRODUCT_BUNDLE_IDENTIFIER = "com.sample.$(PRODUCT_NAME:rfc1034identifier)";
				PRODUCT_NAME = "$(TARGET_NAME)";
				SDKROOT = appletvos;
				SWIFT_VERSION = 3.0;
				TVOS_DEPLOYMENT_TARGET = 9.0;
			};
			name = Release;
		};
		149D81581DBD2ADD00A9EB1A /* Debug */ = {
			isa = XCBuildConfiguration;
			buildSettings = {
				CLANG_ANALYZER_NONNULL = YES;
				CLANG_ENABLE_MODULES = YES;
				CLANG_WARN_DOCUMENTATION_COMMENTS = YES;
				CLANG_WARN_SUSPICIOUS_MOVES = YES;
				CODE_SIGN_IDENTITY = "";
				CURRENT_PROJECT_VERSION = 1;
				DEBUG_INFORMATION_FORMAT = dwarf;
				DEFINES_MODULE = YES;
				DYLIB_COMPATIBILITY_VERSION = 1;
				DYLIB_CURRENT_VERSION = 1;
				DYLIB_INSTALL_NAME_BASE = "@rpath";
				INFOPLIST_FILE = Info.plist;
				INSTALL_PATH = "$(LOCAL_LIBRARY_DIR)/Frameworks";
				IPHONEOS_DEPLOYMENT_TARGET = 9.0;
				LD_RUNPATH_SEARCH_PATHS = "$(inherited) @executable_path/Frameworks @loader_path/Frameworks";
				PRODUCT_BUNDLE_IDENTIFIER = com.demo.SweetUIKit;
				PRODUCT_NAME = SweetUIKit;
				SKIP_INSTALL = YES;
				SWIFT_ACTIVE_COMPILATION_CONDITIONS = DEBUG;
				SWIFT_OPTIMIZATION_LEVEL = "-Onone";
				SWIFT_VERSION = 3.0;
				TARGETED_DEVICE_FAMILY = "1,2";
				VERSIONING_SYSTEM = "apple-generic";
				VERSION_INFO_PREFIX = "";
			};
			name = Debug;
		};
		149D81591DBD2ADD00A9EB1A /* Release */ = {
			isa = XCBuildConfiguration;
			buildSettings = {
				CLANG_ANALYZER_NONNULL = YES;
				CLANG_ENABLE_MODULES = YES;
				CLANG_WARN_DOCUMENTATION_COMMENTS = YES;
				CLANG_WARN_SUSPICIOUS_MOVES = YES;
				CODE_SIGN_IDENTITY = "";
				CURRENT_PROJECT_VERSION = 1;
				DEBUG_INFORMATION_FORMAT = "dwarf-with-dsym";
				DEFINES_MODULE = YES;
				DYLIB_COMPATIBILITY_VERSION = 1;
				DYLIB_CURRENT_VERSION = 1;
				DYLIB_INSTALL_NAME_BASE = "@rpath";
				INFOPLIST_FILE = Info.plist;
				INSTALL_PATH = "$(LOCAL_LIBRARY_DIR)/Frameworks";
				IPHONEOS_DEPLOYMENT_TARGET = 9.0;
				LD_RUNPATH_SEARCH_PATHS = "$(inherited) @executable_path/Frameworks @loader_path/Frameworks";
				PRODUCT_BUNDLE_IDENTIFIER = com.demo.SweetUIKit;
				PRODUCT_NAME = SweetUIKit;
				SKIP_INSTALL = YES;
				SWIFT_VERSION = 3.0;
				TARGETED_DEVICE_FAMILY = "1,2";
				VERSIONING_SYSTEM = "apple-generic";
				VERSION_INFO_PREFIX = "";
			};
			name = Release;
		};
		149D81651DBD2AE500A9EB1A /* Debug */ = {
			isa = XCBuildConfiguration;
			buildSettings = {
				APPLICATION_EXTENSION_API_ONLY = YES;
				CLANG_ANALYZER_NONNULL = YES;
				CLANG_ENABLE_MODULES = YES;
				CLANG_WARN_DOCUMENTATION_COMMENTS = YES;
				CLANG_WARN_SUSPICIOUS_MOVES = YES;
				CODE_SIGN_IDENTITY = "";
				CURRENT_PROJECT_VERSION = 1;
				DEBUG_INFORMATION_FORMAT = dwarf;
				DEFINES_MODULE = YES;
				DYLIB_COMPATIBILITY_VERSION = 1;
				DYLIB_CURRENT_VERSION = 1;
				DYLIB_INSTALL_NAME_BASE = "@rpath";
				INFOPLIST_FILE = Info.plist;
				INSTALL_PATH = "$(LOCAL_LIBRARY_DIR)/Frameworks";
				LD_RUNPATH_SEARCH_PATHS = "$(inherited) @executable_path/Frameworks @loader_path/Frameworks";
				PRODUCT_BUNDLE_IDENTIFIER = com.demo.SweetUIKit;
				PRODUCT_NAME = SweetUIKit;
				SDKROOT = watchos;
				SKIP_INSTALL = YES;
				SWIFT_ACTIVE_COMPILATION_CONDITIONS = DEBUG;
				SWIFT_OPTIMIZATION_LEVEL = "-Onone";
				SWIFT_VERSION = 3.0;
				TARGETED_DEVICE_FAMILY = 4;
				VERSIONING_SYSTEM = "apple-generic";
				VERSION_INFO_PREFIX = "";
				WATCHOS_DEPLOYMENT_TARGET = 2.0;
			};
			name = Debug;
		};
		149D81661DBD2AE500A9EB1A /* Release */ = {
			isa = XCBuildConfiguration;
			buildSettings = {
				APPLICATION_EXTENSION_API_ONLY = YES;
				CLANG_ANALYZER_NONNULL = YES;
				CLANG_ENABLE_MODULES = YES;
				CLANG_WARN_DOCUMENTATION_COMMENTS = YES;
				CLANG_WARN_SUSPICIOUS_MOVES = YES;
				CODE_SIGN_IDENTITY = "";
				CURRENT_PROJECT_VERSION = 1;
				DEBUG_INFORMATION_FORMAT = "dwarf-with-dsym";
				DEFINES_MODULE = YES;
				DYLIB_COMPATIBILITY_VERSION = 1;
				DYLIB_CURRENT_VERSION = 1;
				DYLIB_INSTALL_NAME_BASE = "@rpath";
				INFOPLIST_FILE = Info.plist;
				INSTALL_PATH = "$(LOCAL_LIBRARY_DIR)/Frameworks";
				LD_RUNPATH_SEARCH_PATHS = "$(inherited) @executable_path/Frameworks @loader_path/Frameworks";
				PRODUCT_BUNDLE_IDENTIFIER = com.demo.SweetUIKit;
				PRODUCT_NAME = SweetUIKit;
				SDKROOT = watchos;
				SKIP_INSTALL = YES;
				SWIFT_VERSION = 3.0;
				TARGETED_DEVICE_FAMILY = 4;
				VERSIONING_SYSTEM = "apple-generic";
				VERSION_INFO_PREFIX = "";
				WATCHOS_DEPLOYMENT_TARGET = 2.0;
			};
			name = Release;
		};
		149D81721DBD2AFB00A9EB1A /* Debug */ = {
			isa = XCBuildConfiguration;
			buildSettings = {
				CLANG_ANALYZER_NONNULL = YES;
				CLANG_ENABLE_MODULES = YES;
				CLANG_WARN_DOCUMENTATION_COMMENTS = YES;
				CLANG_WARN_SUSPICIOUS_MOVES = YES;
				CODE_SIGN_IDENTITY = "";
				CURRENT_PROJECT_VERSION = 1;
				DEBUG_INFORMATION_FORMAT = dwarf;
				DEFINES_MODULE = YES;
				DYLIB_COMPATIBILITY_VERSION = 1;
				DYLIB_CURRENT_VERSION = 1;
				DYLIB_INSTALL_NAME_BASE = "@rpath";
				INFOPLIST_FILE = Info.plist;
				INSTALL_PATH = "$(LOCAL_LIBRARY_DIR)/Frameworks";
				LD_RUNPATH_SEARCH_PATHS = "$(inherited) @executable_path/Frameworks @loader_path/Frameworks";
				PRODUCT_BUNDLE_IDENTIFIER = com.demo.SweetUIKit;
				PRODUCT_NAME = SweetUIKit;
				SDKROOT = appletvos;
				SKIP_INSTALL = YES;
				SWIFT_ACTIVE_COMPILATION_CONDITIONS = DEBUG;
				SWIFT_OPTIMIZATION_LEVEL = "-Onone";
				SWIFT_VERSION = 3.0;
				TARGETED_DEVICE_FAMILY = 3;
				TVOS_DEPLOYMENT_TARGET = 9.0;
				VERSIONING_SYSTEM = "apple-generic";
				VERSION_INFO_PREFIX = "";
			};
			name = Debug;
		};
		149D81731DBD2AFB00A9EB1A /* Release */ = {
			isa = XCBuildConfiguration;
			buildSettings = {
				CLANG_ANALYZER_NONNULL = YES;
				CLANG_ENABLE_MODULES = YES;
				CLANG_WARN_DOCUMENTATION_COMMENTS = YES;
				CLANG_WARN_SUSPICIOUS_MOVES = YES;
				CODE_SIGN_IDENTITY = "";
				CURRENT_PROJECT_VERSION = 1;
				DEBUG_INFORMATION_FORMAT = "dwarf-with-dsym";
				DEFINES_MODULE = YES;
				DYLIB_COMPATIBILITY_VERSION = 1;
				DYLIB_CURRENT_VERSION = 1;
				DYLIB_INSTALL_NAME_BASE = "@rpath";
				INFOPLIST_FILE = Info.plist;
				INSTALL_PATH = "$(LOCAL_LIBRARY_DIR)/Frameworks";
				LD_RUNPATH_SEARCH_PATHS = "$(inherited) @executable_path/Frameworks @loader_path/Frameworks";
				PRODUCT_BUNDLE_IDENTIFIER = com.demo.SweetUIKit;
				PRODUCT_NAME = SweetUIKit;
				SDKROOT = appletvos;
				SKIP_INSTALL = YES;
				SWIFT_VERSION = 3.0;
				TARGETED_DEVICE_FAMILY = 3;
				TVOS_DEPLOYMENT_TARGET = 9.0;
				VERSIONING_SYSTEM = "apple-generic";
				VERSION_INFO_PREFIX = "";
			};
			name = Release;
		};
/* End XCBuildConfiguration section */

/* Begin XCConfigurationList section */
		140124D01DBF582900EA92FB /* Build configuration list for PBXNativeTarget "iOSDemo" */ = {
			isa = XCConfigurationList;
			buildConfigurations = (
				140124D11DBF582900EA92FB /* Debug */,
				140124D21DBF582900EA92FB /* Release */,
			);
			defaultConfigurationIsVisible = 0;
			defaultConfigurationName = Release;
		};
		146D728E1AB782920058798C /* Build configuration list for PBXProject "Demo" */ = {
			isa = XCConfigurationList;
			buildConfigurations = (
				146D72B41AB782920058798C /* Debug */,
				146D72B51AB782920058798C /* Release */,
			);
			defaultConfigurationIsVisible = 0;
			defaultConfigurationName = Release;
		};
		146D72B91AB782920058798C /* Build configuration list for PBXNativeTarget "iOSTests" */ = {
			isa = XCConfigurationList;
			buildConfigurations = (
				146D72BA1AB782920058798C /* Debug */,
				146D72BB1AB782920058798C /* Release */,
			);
			defaultConfigurationIsVisible = 0;
			defaultConfigurationName = Release;
		};
		149D813E1DBD2A5E00A9EB1A /* Build configuration list for PBXNativeTarget "tvOSTests" */ = {
			isa = XCConfigurationList;
			buildConfigurations = (
				149D813F1DBD2A5E00A9EB1A /* Debug */,
				149D81401DBD2A5E00A9EB1A /* Release */,
			);
			defaultConfigurationIsVisible = 0;
			defaultConfigurationName = Release;
		};
		149D81571DBD2ADD00A9EB1A /* Build configuration list for PBXNativeTarget "SweetUIKit-iOS" */ = {
			isa = XCConfigurationList;
			buildConfigurations = (
				149D81581DBD2ADD00A9EB1A /* Debug */,
				149D81591DBD2ADD00A9EB1A /* Release */,
			);
			defaultConfigurationIsVisible = 0;
			defaultConfigurationName = Release;
		};
		149D81641DBD2AE500A9EB1A /* Build configuration list for PBXNativeTarget "SweetUIKit-watchOS" */ = {
			isa = XCConfigurationList;
			buildConfigurations = (
				149D81651DBD2AE500A9EB1A /* Debug */,
				149D81661DBD2AE500A9EB1A /* Release */,
			);
			defaultConfigurationIsVisible = 0;
			defaultConfigurationName = Release;
		};
		149D81711DBD2AFB00A9EB1A /* Build configuration list for PBXNativeTarget "SweetUIKit-tvOS" */ = {
			isa = XCConfigurationList;
			buildConfigurations = (
				149D81721DBD2AFB00A9EB1A /* Debug */,
				149D81731DBD2AFB00A9EB1A /* Release */,
			);
			defaultConfigurationIsVisible = 0;
			defaultConfigurationName = Release;
		};
/* End XCConfigurationList section */
	};
	rootObject = 146D728B1AB782920058798C /* Project object */;
}
